// !$*UTF8*$!
{
	archiveVersion = 1;
	classes = {
	};
	objectVersion = 63;
	objects = {

/* Begin PBXBuildFile section */
		0050B21299356E4FB3A2751C /* HoldOutcomeCalculatorTests.swift in Sources */ = {isa = PBXBuildFile; fileRef = 3E703C8F2929345AAD856519 /* HoldOutcomeCalculatorTests.swift */; };
		02A44A06CB436A24C4B9837D /* strategy_double_double_bonus_9_6.json.gz in Resources */ = {isa = PBXBuildFile; fileRef = 154D712E326A00177B4FE711 /* strategy_double_double_bonus_9_6.json.gz */; };
		0601943D840F0D365BD152E4 /* CourseCompletionCelebrationView.swift in Sources */ = {isa = PBXBuildFile; fileRef = D2A90D1BCFCE54EE96B031B5 /* CourseCompletionCelebrationView.swift */; };
		07ADCC6C08E707475F4E0F38 /* CasinoModeViewModel.swift in Sources */ = {isa = PBXBuildFile; fileRef = EADC4946BE3F992BAA87FCBC /* CasinoModeViewModel.swift */; };
		0D34973C733A0689B3E31F0A /* RatingPromptServiceTests.swift in Sources */ = {isa = PBXBuildFile; fileRef = FB91F54C372566A26093CE2C /* RatingPromptServiceTests.swift */; };
		0D3FC3BF3A65F389FBEA8AC2 /* Assets.xcassets in Resources */ = {isa = PBXBuildFile; fileRef = FD43B3D7AD070484BDDAE526 /* Assets.xcassets */; };
		0F2840AA831DD4E1984AB0D6 /* QuizResultsView.swift in Sources */ = {isa = PBXBuildFile; fileRef = E2A1A7FE15ED6DE1CCBACDFB /* QuizResultsView.swift */; };
		100D88B5114F70FF4F74B865 /* SimulationModels.swift in Sources */ = {isa = PBXBuildFile; fileRef = 49D29DC4D6A6DF4CD2CBF0E6 /* SimulationModels.swift */; };
		12EA2CF5432688488D19BF4A /* Sentry in Frameworks */ = {isa = PBXBuildFile; productRef = C44E2F5116E562586503D69B /* Sentry */; };
		13A48A9BC71835D5A990F7BC /* MiniHandView.swift in Sources */ = {isa = PBXBuildFile; fileRef = C941FDC5D7DBC1BD5C92A122 /* MiniHandView.swift */; };
		144F976FD7BBFF5F7E9B959C /* SpeechSynthesisServiceTests.swift in Sources */ = {isa = PBXBuildFile; fileRef = FED9B359475EA57DDD008492 /* SpeechSynthesisServiceTests.swift */; };
		15F2727D8D56BB79B7BCEAA5 /* Tour.swift in Sources */ = {isa = PBXBuildFile; fileRef = 811F5197F5A99BAF1E888136 /* Tour.swift */; };
		1C1CDCD801C4668B440B5803 /* PendingAttemptsStore.swift in Sources */ = {isa = PBXBuildFile; fileRef = 0A964A0B68AD28F50ACAB678 /* PendingAttemptsStore.swift */; };
		1EAE0F76B4BE2A1442E2292D /* MasteryDashboardView.swift in Sources */ = {isa = PBXBuildFile; fileRef = 1A8A5838530685E6CCC146BA /* MasteryDashboardView.swift */; };
		1EEF78287BAFB25E4E1CF187 /* MasteryScore.swift in Sources */ = {isa = PBXBuildFile; fileRef = F8A03D085E934C121689C54B /* MasteryScore.swift */; };
		214DB6976DFF15C841EF6A66 /* ResponseFormatter.swift in Sources */ = {isa = PBXBuildFile; fileRef = FDEE001BA9FF6B423496F786 /* ResponseFormatter.swift */; };
		22FFD9C0441D50B198CE0E85 /* CasinoModeViewModelTests.swift in Sources */ = {isa = PBXBuildFile; fileRef = 0EADD77F2965DB7E7B82D60E /* CasinoModeViewModelTests.swift */; };
		25008CE2024C3C7BF74ECB32 /* HandEvaluatorTests.swift in Sources */ = {isa = PBXBuildFile; fileRef = 48012F087B9F057F5D29098A /* HandEvaluatorTests.swift */; };
		8720FF5D6D5648168660707E /* UltimateXEKTableTests.swift in Sources */ = {isa = PBXBuildFile; fileRef = 9D694C0DDBBC4FACA4543603 /* UltimateXEKTableTests.swift */; };
		7C313BD7433D064BEE34C358 /* UltimateXStrategyServiceTests.swift in Sources */ = {isa = PBXBuildFile; fileRef = 9F62D765B4396467ADCF3478 /* UltimateXStrategyServiceTests.swift */; };
		D8EB5726E611400B977771C1 /* UltimateXPlayModeTests.swift in Sources */ = {isa = PBXBuildFile; fileRef = 2514F49F380F49DEAC52EDBD /* UltimateXPlayModeTests.swift */; };
		A1B2C3D4E5F60718293A4B5C /* UltimateXQuizTests.swift in Sources */ = {isa = PBXBuildFile; fileRef = B1C2D3E4F5067182930A4B5D /* UltimateXQuizTests.swift */; };
		C2D3E4F5A6B70819304A5B6D /* UltimateXSimulationTests.swift in Sources */ = {isa = PBXBuildFile; fileRef = D3E4F5A6B7C80920415B6C7E /* UltimateXSimulationTests.swift */; };
		D3E4F5A6B7C80920415B6C7F /* UXSimulationStatsTests.swift in Sources */ = {isa = PBXBuildFile; fileRef = E4F5A6B7C80920415B6C7E00 /* UXSimulationStatsTests.swift */; };
		2758C786DA69D37C5A02FE1A /* MultiHandGrid.swift in Sources */ = {isa = PBXBuildFile; fileRef = 3FC587C11E7733A811504448 /* MultiHandGrid.swift */; };
		29231BE1D31D2CDB1820DA76 /* strategy_bonus_poker_8_5.json in Resources */ = {isa = PBXBuildFile; fileRef = 6F344A9B558456C4B1E85527 /* strategy_bonus_poker_8_5.json */; };
		2A7838060FFE53454673F542 /* ResetPasswordView.swift in Sources */ = {isa = PBXBuildFile; fileRef = 23BCDCB40917EDC8ED7B5AB4 /* ResetPasswordView.swift */; };
		2CAE0D27C787B609B2CFD9BA /* SpeechSynthesisService.swift in Sources */ = {isa = PBXBuildFile; fileRef = F04525B2E15AA871EF2EB9FD /* SpeechSynthesisService.swift */; };
		2DAF76EC58BF5E995922E761 /* RatingPromptView.swift in Sources */ = {isa = PBXBuildFile; fileRef = D6C4F2F4C87F18E1A9F1E6D0 /* RatingPromptView.swift */; };
		2E4E392C66855F3F2D6C6D74 /* HoldOutcomeCalculator.swift in Sources */ = {isa = PBXBuildFile; fileRef = 7D47240DF972E7B9A4903C18 /* HoldOutcomeCalculator.swift */; };
		9FBB15FAD0974934BA0D073D /* EKTableGenerator.swift in Sources */ = {isa = PBXBuildFile; fileRef = 8E6AC0A86CC9410293EB55DD /* EKTableGenerator.swift */; };
		2EEBB332A828993A4A49EB4E /* TourSettingsView.swift in Sources */ = {isa = PBXBuildFile; fileRef = FB0437103D05DE42B7E09A4F /* TourSettingsView.swift */; };
		2FADF3DB73B2A1DE12CA2574 /* DrillCompleteView.swift in Sources */ = {isa = PBXBuildFile; fileRef = 58CB0E309001E55396A49100 /* DrillCompleteView.swift */; };
		3155C4163E601DEF9FE3DE5B /* AudioServiceSuspendTests.swift in Sources */ = {isa = PBXBuildFile; fileRef = AF8635E8A809316C73C51A4D /* AudioServiceSuspendTests.swift */; };
		34A98D3B0D9518FC561FFEFE /* SupabaseService.swift in Sources */ = {isa = PBXBuildFile; fileRef = B036DE4CF05931A93835ADA2 /* SupabaseService.swift */; };
		359AD3F839B1626C8C18984E /* strategy_jacks_or_better_9_6.json.gz in Resources */ = {isa = PBXBuildFile; fileRef = DB3EA445C61C5B15EC6DCB12 /* strategy_jacks_or_better_9_6.json.gz */; };
		368151B2891BAA5279D72DFB /* TourContent.swift in Sources */ = {isa = PBXBuildFile; fileRef = 18E18282E53F743D74F87155 /* TourContent.swift */; };
		384884ACA8310839577029A6 /* HandEvaluator.swift in Sources */ = {isa = PBXBuildFile; fileRef = 477D78B1353F5D8FEBC3AF98 /* HandEvaluator.swift */; };
		3A5A83E12D6DE13F44E7FFE0 /* CardView.swift in Sources */ = {isa = PBXBuildFile; fileRef = B0C1CCDF429157ED4A26DF3F /* CardView.swift */; };
		3B428D7C617D2DD10638AB1C /* BinaryStrategyStoreV2.swift in Sources */ = {isa = PBXBuildFile; fileRef = DE6F790FB44A92186B80B397 /* BinaryStrategyStoreV2.swift */; };
		3F4582B91F313CAB57D27805 /* AuthView.swift in Sources */ = {isa = PBXBuildFile; fileRef = 17D55E347FCEFD61A0235912 /* AuthView.swift */; };
		40842D36CE4D12F3060C9E0A /* VideoPokerAcademyApp.swift in Sources */ = {isa = PBXBuildFile; fileRef = 20024946FAB9047C3F46731E /* VideoPokerAcademyApp.swift */; };
		4332B78A61E49C0D41F4CCFE /* TourTargetModifier.swift in Sources */ = {isa = PBXBuildFile; fileRef = F3C5B45C7DC5EDFC38CF72CA /* TourTargetModifier.swift */; };
		43E47AB1E1ED9418C41538F0 /* ForgotPasswordView.swift in Sources */ = {isa = PBXBuildFile; fileRef = FCF15F62A67B4B4619550553 /* ForgotPasswordView.swift */; };
		4900B223672085A45D5E70A1 /* card-select.mp3 in Resources */ = {isa = PBXBuildFile; fileRef = 6DDC9161A74B5AECAD1FC235 /* card-select.mp3 */; };
		49C472234B92C6F7803967BA /* HomeView.swift in Sources */ = {isa = PBXBuildFile; fileRef = 1B5BF5A4E3D463C7D9F244F9 /* HomeView.swift */; };
		4B6BFE7C5F090B8501EEF9A1 /* UltimateXEVBenchmarkViewModel.swift in Sources */ = {isa = PBXBuildFile; fileRef = 9CB17BE906FCE69E9299ECAF /* UltimateXEVBenchmarkViewModel.swift */; };
		4BAD5C3FB26F98EDB520F6BE /* strategy_double_double_bonus_9_6.vpstrat2 in Resources */ = {isa = PBXBuildFile; fileRef = 00BD1CADB282E91255F1B3B2 /* strategy_double_double_bonus_9_6.vpstrat2 */; };
		4C39ED563E277E683C976B45 /* button-tap.mp3 in Resources */ = {isa = PBXBuildFile; fileRef = 435D1D6B99139BDC264FFD02 /* button-tap.mp3 */; };
		4D5D82FAEE1B0EB1F3F91839 /* GameFamily.swift in Sources */ = {isa = PBXBuildFile; fileRef = 0CF08A3F96095D1F73490648 /* GameFamily.swift */; };
		4E482B2E9DFF76ECD760F8C6 /* QuizPlayView.swift in Sources */ = {isa = PBXBuildFile; fileRef = 4674AAE04F2C550DE4674B49 /* QuizPlayView.swift */; };
		4FDF9E178DCF26881649C951 /* PlayView.swift in Sources */ = {isa = PBXBuildFile; fileRef = 7CFB4AAA5B83232F32F7000C /* PlayView.swift */; };
		07AC6B1CAE6D4AC0136E29DC /* UltimateXStrategyPanel.swift in Sources */ = {isa = PBXBuildFile; fileRef = BCF90C94B2AEB41091045BCD /* UltimateXStrategyPanel.swift */; };
		50262034A1A179BB9FB3D2EC /* AudioService.swift in Sources */ = {isa = PBXBuildFile; fileRef = 8AFBF0BB36C9BC8ED2080DD3 /* AudioService.swift */; };
		51CBCC0F8C23CFBD0D76D5D4 /* coin-payout.mp3 in Resources */ = {isa = PBXBuildFile; fileRef = 98F5B531F0884E267C583CED /* coin-payout.mp3 */; };
		532ED367C50F0D33B428BCBC /* TrainingLesson.swift in Sources */ = {isa = PBXBuildFile; fileRef = CF8D78D7C6B3C9DD183D0C33 /* TrainingLesson.swift */; };
		55F6EE9954F73A97B25A6FF5 /* StartCasinoListeningIntent.swift in Sources */ = {isa = PBXBuildFile; fileRef = DB1BEA2C49BEAF27505FCEAD /* StartCasinoListeningIntent.swift */; };
		57355753AD255936E1F55327 /* PlayStartView.swift in Sources */ = {isa = PBXBuildFile; fileRef = 537B63F67879FD54C6B02456 /* PlayStartView.swift */; };
		58B9DCD74F66F2B70DEB9B4D /* NetworkMonitor.swift in Sources */ = {isa = PBXBuildFile; fileRef = 9185EC480DFA6023916C3B3F /* NetworkMonitor.swift */; };
		5E4C4E3C2358DDA6483D8AA5 /* PayTableData.swift in Sources */ = {isa = PBXBuildFile; fileRef = 2DAC740E7E004BBA3165E81B /* PayTableData.swift */; };
		DC33F15EF1FB2AEE97D99FF2 /* WWWPayTableData.swift in Sources */ = {isa = PBXBuildFile; fileRef = BD0B88CC2019B5E72131D848 /* WWWPayTableData.swift */; };
		5E569342FB6F6B871CC2EE40 /* strategy_double_bonus_10_7.vpstrat2 in Resources */ = {isa = PBXBuildFile; fileRef = 3B46A2A5E6813351ED7C1329 /* strategy_double_bonus_10_7.vpstrat2 */; };
		5F06C63330559882EF1A75D4 /* Supabase in Frameworks */ = {isa = PBXBuildFile; productRef = 1E518AB2432F83AD56457390 /* Supabase */; };
		6056B217B5591AB68B8C7792 /* TrainingService.swift in Sources */ = {isa = PBXBuildFile; fileRef = 070DAE9C15127D9377416569 /* TrainingService.swift */; };
		63DC6FD81016C70566283225 /* UltimateXStrategyService.swift in Sources */ = {isa = PBXBuildFile; fileRef = 0F22E12DF15A4B41EEE98BF9 /* UltimateXStrategyService.swift */; };
		690CA3D06D89501F6A98D8E4 /* job-made-hands.json in Resources */ = {isa = PBXBuildFile; fileRef = 2D36054A6EE20D406B54987D /* job-made-hands.json */; };
		6932FF5164A7703C8286CFF3 /* strategy_triple_double_bonus_9_6.json.gz in Resources */ = {isa = PBXBuildFile; fileRef = 8A115FF11C8E1366E215658C /* strategy_triple_double_bonus_9_6.json.gz */; };
		698DDD3FA6BAA41CE5361936 /* VoiceServiceTests.swift in Sources */ = {isa = PBXBuildFile; fileRef = A74BA337321B74B9C1E403A4 /* VoiceServiceTests.swift */; };
		6D3CFC2FC7702EA266B4AA3C /* GameSelectorView.swift in Sources */ = {isa = PBXBuildFile; fileRef = C47EF9D466BFBC97BC9F5EF6 /* GameSelectorView.swift */; };
		6DD2CBA5C511B2726E17C752 /* DebugLog.swift in Sources */ = {isa = PBXBuildFile; fileRef = B6DCBF01A6962E993279B541 /* DebugLog.swift */; };
		71B37C150971DA2E0D4CF7EB /* HandAnalyzerView.swift in Sources */ = {isa = PBXBuildFile; fileRef = FD95619B564F1912B0DB27E7 /* HandAnalyzerView.swift */; };
		D5AAE0D75CE04121BB2359DA /* AnalyzerStartView.swift in Sources */ = {isa = PBXBuildFile; fileRef = D28FE906D02246218C8EE340 /* AnalyzerStartView.swift */; };
		71CEA7C820E115BAE216CBEC /* strategy_jacks_or_better_9_6.vpstrat2 in Resources */ = {isa = PBXBuildFile; fileRef = F17EDA1FE70C854DEF79CCB0 /* strategy_jacks_or_better_9_6.vpstrat2 */; };
		757AF95FBD6D36D570D42A0F /* Hand.swift in Sources */ = {isa = PBXBuildFile; fileRef = 5A47BFA4F0D0FBA097129438 /* Hand.swift */; };
		7B9C0BF5AB9C84D0B85391B7 /* VoiceService.swift in Sources */ = {isa = PBXBuildFile; fileRef = 0DAEAA73EE9A5F3B4DA9D275 /* VoiceService.swift */; };
		7C1E8ACD1472D4075600F7EF /* TrainingExplanationView.swift in Sources */ = {isa = PBXBuildFile; fileRef = 3C50207F9EA2EEB989A879BF /* TrainingExplanationView.swift */; };
		7E68A7C759057CA8CA64AE95 /* TrainingLessonData.swift in Sources */ = {isa = PBXBuildFile; fileRef = 64805CE25FB9A31D4B556D1C /* TrainingLessonData.swift */; };
		7F5EC919720B0434C3ED5388 /* DrillViewModel.swift in Sources */ = {isa = PBXBuildFile; fileRef = B9126DA82F16427460806971 /* DrillViewModel.swift */; };
		7F60C5344AA2E133B98D4FD4 /* TrainingGameSelectorView.swift in Sources */ = {isa = PBXBuildFile; fileRef = 7A38C3080B65008342707177 /* TrainingGameSelectorView.swift */; };
		801D89B8BB9377AF83B15EBF /* WelcomeView.swift in Sources */ = {isa = PBXBuildFile; fileRef = F99E099CD1ACA3AA44E16426 /* WelcomeView.swift */; };
		807132E4863B126FFF5BC2E6 /* job-high-cards.json in Resources */ = {isa = PBXBuildFile; fileRef = 206DD93CFF04FC4FB7C07088 /* job-high-cards.json */; };
		81E38E61CA165E4E759F7418 /* correct.mp3 in Resources */ = {isa = PBXBuildFile; fileRef = C44C0D4E41B7DC093976157A /* correct.mp3 */; };
		854A8B5D9D8D39A131C84BBB /* SimulationResultsView.swift in Sources */ = {isa = PBXBuildFile; fileRef = A39A8F517105392BAC40AB74 /* SimulationResultsView.swift */; };
		867227DE595E2A6F7BA97E68 /* LessonCompleteView.swift in Sources */ = {isa = PBXBuildFile; fileRef = 600E895C7F61574DD6406959 /* LessonCompleteView.swift */; };
		87986968FFD780593C1DAB99 /* SimulationContainerView.swift in Sources */ = {isa = PBXBuildFile; fileRef = C2D97248637802E1D8F286D7 /* SimulationContainerView.swift */; };
		880B94129EFB7245EBEFA538 /* LessonViewModel.swift in Sources */ = {isa = PBXBuildFile; fileRef = F8A94B38A9479BC5141B8392 /* LessonViewModel.swift */; };
		88C63684212961CE7E2B47BF /* submit.mp3 in Resources */ = {isa = PBXBuildFile; fileRef = A2C245E7B30D707D5A0879EA /* submit.mp3 */; };
		8ACA9543DF20D657B18BCCB5 /* TrainingLessonContentView.swift in Sources */ = {isa = PBXBuildFile; fileRef = 1583C4783057FAB0954A0235 /* TrainingLessonContentView.swift */; };
		8C16BD688D36AFB8B62262AD /* AuthViewModel.swift in Sources */ = {isa = PBXBuildFile; fileRef = 22FC760A3A1295ED9600D8EC /* AuthViewModel.swift */; };
		8D80818C4BD17F8B976090FF /* SimulationRunningView.swift in Sources */ = {isa = PBXBuildFile; fileRef = DE7FBC018C0DC89FB51AD0B2 /* SimulationRunningView.swift */; };
		92231833E7DE10BBE5C3F45A /* QuizViewModel.swift in Sources */ = {isa = PBXBuildFile; fileRef = AC3270A0FB1C69D905B46441 /* QuizViewModel.swift */; };
		9329B743FFF61D5C81ED6203 /* ChangePasswordView.swift in Sources */ = {isa = PBXBuildFile; fileRef = B593A4288FB55425DEC2B842 /* ChangePasswordView.swift */; };
		954B5F59CAF84446726EE5BC /* TourTooltipView.swift in Sources */ = {isa = PBXBuildFile; fileRef = B630E82E6A09323E1CC6A9DE /* TourTooltipView.swift */; };
		96545F05BFE62DEE07720176 /* incorrect.mp3 in Resources */ = {isa = PBXBuildFile; fileRef = E4ED0C04709900D35DA5047C /* incorrect.mp3 */; };
		96E819065C6771C1DA8F82EE /* SimulationViewModel.swift in Sources */ = {isa = PBXBuildFile; fileRef = E10D2E88C22D7D578C4E01CC /* SimulationViewModel.swift */; };
		987C9C647870AA3E016A056D /* quiz-complete.mp3 in Resources */ = {isa = PBXBuildFile; fileRef = 7E08F3595F299121A7328097 /* quiz-complete.mp3 */; };
		996FA0D13E2FEDD300776CEF /* TrainingHubViewModel.swift in Sources */ = {isa = PBXBuildFile; fileRef = B30C8681CDCFD847A79A6AF4 /* TrainingHubViewModel.swift */; };
		99A63C73626C735A01699414 /* CardGlowEffect.swift in Sources */ = {isa = PBXBuildFile; fileRef = 805680B4A7E99743493EB4C3 /* CardGlowEffect.swift */; };
		C45D8F1BBF9CEEC515EA1787 /* GameInfoSheet.swift in Sources */ = {isa = PBXBuildFile; fileRef = 730EF33BCFF3310940AD425F /* GameInfoSheet.swift */; };
		9E681CA9243B71BB4ADE1394 /* Drill.swift in Sources */ = {isa = PBXBuildFile; fileRef = 8A9D90A4E1557A1120CA33F2 /* Drill.swift */; };
		A0CD46E5C148763CA36F5B74 /* strategy_deuces_wild_nsud.vpstrat2 in Resources */ = {isa = PBXBuildFile; fileRef = 5466288ABB4693DDA0CD0795 /* strategy_deuces_wild_nsud.vpstrat2 */; };
		A28AFD2E6D4235F45C93697A /* CasinoModeView.swift in Sources */ = {isa = PBXBuildFile; fileRef = ECE2C923F3715B4AF08DDDDE /* CasinoModeView.swift */; };
		A637DABFD3A1E9EC89E2712F /* SpacedRepetitionService.swift in Sources */ = {isa = PBXBuildFile; fileRef = 1258C0711E182E5098C1D488 /* SpacedRepetitionService.swift */; };
		A67B2EA41582D08E9C6E5E0E /* MiniCardView.swift in Sources */ = {isa = PBXBuildFile; fileRef = F08C9BCFD48838F6F84E259E /* MiniCardView.swift */; };
		A6D6E513561625FA68D6ACD5 /* PlayViewModel.swift in Sources */ = {isa = PBXBuildFile; fileRef = 4CAEB3689258109EA53DE58B /* PlayViewModel.swift */; };
		A749936E510BC6E6D3FDE7B8 /* AppTheme.swift in Sources */ = {isa = PBXBuildFile; fileRef = 7A3AA5EB3F8AEB08D4548731 /* AppTheme.swift */; };
		A8218BB889F7303C0FC0A260 /* HundredPlayTallyView.swift in Sources */ = {isa = PBXBuildFile; fileRef = 718CAE21049D757E7144D7B4 /* HundredPlayTallyView.swift */; };
		A854F16DF348BC9DC0B9CAAB /* DrillPlayView.swift in Sources */ = {isa = PBXBuildFile; fileRef = 04844A700DD1740D38E2EEA7 /* DrillPlayView.swift */; };
		A93A73E861C1AC2FF428BC1B /* TrainingLessonListView.swift in Sources */ = {isa = PBXBuildFile; fileRef = BE9A2DDBF2E7F2EA01B235A6 /* TrainingLessonListView.swift */; };
		AD4215AF81B26245E14C6917 /* UserDataSyncService.swift in Sources */ = {isa = PBXBuildFile; fileRef = 9A4B54C283367FC285DD47FF /* UserDataSyncService.swift */; };
		AE1695528893B4D52A9EBFF4 /* card-flip.mp3 in Resources */ = {isa = PBXBuildFile; fileRef = 01666312F25E6FEF9E4A12D6 /* card-flip.mp3 */; };
		AF79A89A9C8558D4569205E7 /* TrainingLessonQuizViewModel.swift in Sources */ = {isa = PBXBuildFile; fileRef = F207D69A2F3A81734D6D31DF /* TrainingLessonQuizViewModel.swift */; };
		B08D0C078F29A21F8260A4DF /* LessonDetailView.swift in Sources */ = {isa = PBXBuildFile; fileRef = 13E923B960BE9BD035419ACF /* LessonDetailView.swift */; };
		B1E22112AEDAC053169FAC09 /* SimulationStartView.swift in Sources */ = {isa = PBXBuildFile; fileRef = 011831B6B80976919A75F04D /* SimulationStartView.swift */; };
		B2F1C28C6CAAE17C84B5FA29 /* PayTable.swift in Sources */ = {isa = PBXBuildFile; fileRef = B03466959AE852F4EB0BE0E7 /* PayTable.swift */; };
		BB553A07D2A089D9D4E76E8F /* CardParser.swift in Sources */ = {isa = PBXBuildFile; fileRef = C2C339B4FC1F8126AC431E42 /* CardParser.swift */; };
		BBBBCB929328B549BBD651C4 /* HapticService.swift in Sources */ = {isa = PBXBuildFile; fileRef = 6002F3C49DEAB543783F3190 /* HapticService.swift */; };
		BD934C40F312D86CF2F204E3 /* EditProfileView.swift in Sources */ = {isa = PBXBuildFile; fileRef = F3ED162C69D560C063AC99EF /* EditProfileView.swift */; };
		BDD5306B99A74896E434CB94 /* MasteryViewModel.swift in Sources */ = {isa = PBXBuildFile; fileRef = DB4E63527AA41C202F9E69CB /* MasteryViewModel.swift */; };
		BEAFC9F64D28638264FDA279 /* ReviewQueueViewModel.swift in Sources */ = {isa = PBXBuildFile; fileRef = CD2E7E2776EAB7CAD9A4CA76 /* ReviewQueueViewModel.swift */; };
		C0F65BDF3B126780280F28C1 /* ResponseFormatterTests.swift in Sources */ = {isa = PBXBuildFile; fileRef = 36DDAACDD282E4126C8E73CC /* ResponseFormatterTests.swift */; };
		C55EBC5DE0F14628C56B5763 /* UltimateXEVBenchmarkView.swift in Sources */ = {isa = PBXBuildFile; fileRef = C6B98DD0915C0C5120E79D1A /* UltimateXEVBenchmarkView.swift */; };
		C58177A21484ADFF32A5188B /* ReviewQueueView.swift in Sources */ = {isa = PBXBuildFile; fileRef = 3140B0170FB1BDF34F61E5F8 /* ReviewQueueView.swift */; };
		C5E9C85AD8080AEE517B82F2 /* SyncService.swift in Sources */ = {isa = PBXBuildFile; fileRef = FF1B3E98E1407F5E2DEAD95C /* SyncService.swift */; };
		C63D7E6C4FB887AE4E87B5E9 /* PopularGameButton.swift in Sources */ = {isa = PBXBuildFile; fileRef = 8389B02C3EA6EE14EEA16970 /* PopularGameButton.swift */; };
		C973F0E19CE60BA28ABF7B49 /* StrategyService.swift in Sources */ = {isa = PBXBuildFile; fileRef = 58AC4B2DA7F08BDC34197904 /* StrategyService.swift */; };
		CE03BDB4CCD6189B5E359552 /* Lesson.swift in Sources */ = {isa = PBXBuildFile; fileRef = 685C2C42F74C7D1A80CE6A11 /* Lesson.swift */; };
		D02B6B5CA970F4489167F6F3 /* TrainingHubView.swift in Sources */ = {isa = PBXBuildFile; fileRef = 0B545C8A858C0EDF48515FAA /* TrainingHubView.swift */; };
		D12B42C22299B1AD05F294CB /* StrategyLookupService.swift in Sources */ = {isa = PBXBuildFile; fileRef = CCD563F6C3B8CF399F50F9CF /* StrategyLookupService.swift */; };
		D21EDB65179D90204EBA5B8D /* strategy_deuces_wild_nsud.json.gz in Resources */ = {isa = PBXBuildFile; fileRef = 5396FE3BB8E3650A6A443F66 /* strategy_deuces_wild_nsud.json.gz */; };
		BD03FC58D2914DA1B2658D9B /* CardJokerTests.swift in Sources */ = {isa = PBXBuildFile; fileRef = 687C53C93A6E49EAAEA13B9D /* CardJokerTests.swift */; };
		AA11BB22CC33DD44EE55FF66 /* WildWildWildModels.swift in Sources */ = {isa = PBXBuildFile; fileRef = AA11BB22CC33DD44EE55FF67 /* WildWildWildModels.swift */; };
		CC33DD44EE55FF66778899AA /* HandWWWTests.swift in Sources */ = {isa = PBXBuildFile; fileRef = CC33DD44EE55FF66778899AB /* HandWWWTests.swift */; };
		BB22CC33DD44EE55FF667788 /* WildWildWildModelsTests.swift in Sources */ = {isa = PBXBuildFile; fileRef = BB22CC33DD44EE55FF667789 /* WildWildWildModelsTests.swift */; };
		DD44EE55FF66778899AABB00 /* PlayViewModelWWWTests.swift in Sources */ = {isa = PBXBuildFile; fileRef = DD44EE55FF66778899AABB01 /* PlayViewModelWWWTests.swift */; };
		D6674ECAAFC321928364B0DC /* CardParserTests.swift in Sources */ = {isa = PBXBuildFile; fileRef = E122D7986196771F738D2656 /* CardParserTests.swift */; };
		D79994266A5C67BEEABAFBA2 /* next-hand.mp3 in Resources */ = {isa = PBXBuildFile; fileRef = 6307EA07886E798392B296BB /* next-hand.mp3 */; };
		D9F9E7B329D59807D9407120 /* big-win.mp3 in Resources */ = {isa = PBXBuildFile; fileRef = A3CA0409D50D835A3342502D /* big-win.mp3 */; };
		DB279349160B2A21879D5C9C /* RatingPromptService.swift in Sources */ = {isa = PBXBuildFile; fileRef = EE32A1B55910EF4A43FD68E8 /* RatingPromptService.swift */; };
		DBA37BC532D1656848592981 /* UltimateXModels.swift in Sources */ = {isa = PBXBuildFile; fileRef = 61449B33F9B4994F10C291CB /* UltimateXModels.swift */; };
		76EE0E0A52404AD3948148EB /* UltimateXEKTable.swift in Sources */ = {isa = PBXBuildFile; fileRef = 622995B527494F11A3A75972 /* UltimateXEKTable.swift */; };
		DDEE4E1AB55F03AF27D29480 /* TourOverlayView.swift in Sources */ = {isa = PBXBuildFile; fileRef = 695178CEADA0760C85FD626F /* TourOverlayView.swift */; };
		E0E0CFF562A4350BB0017A06 /* HandCategory.swift in Sources */ = {isa = PBXBuildFile; fileRef = 1C15FB477237EE13E6C1EBB0 /* HandCategory.swift */; };
		E472B63D18681AC8292366F5 /* CertificatePinning.swift in Sources */ = {isa = PBXBuildFile; fileRef = DF2171D8966579AC447912EA /* CertificatePinning.swift */; };
		E4E0982F09D8D35A59A39C1E /* TrainingLessonListViewModel.swift in Sources */ = {isa = PBXBuildFile; fileRef = 9B3C4C6AC76626B632FF575D /* TrainingLessonListViewModel.swift */; };
		E54C28B923E0BDEF841949ED /* AnalyzerViewModel.swift in Sources */ = {isa = PBXBuildFile; fileRef = 6527D7465E271EF46688C0EE /* AnalyzerViewModel.swift */; };
		E6FEA6DC40C24EB0C3224CEF /* Card.swift in Sources */ = {isa = PBXBuildFile; fileRef = 525F1DE06BD8B044BADE8E84 /* Card.swift */; };
		EE043845737DAE1D4FDC12C1 /* DealtWinnerBanner.swift in Sources */ = {isa = PBXBuildFile; fileRef = A673BBD6C664E52E3B5BB191 /* DealtWinnerBanner.swift */; };
		EF2CFEC82F084C6A0E86C4B0 /* CompactPayTableView.swift in Sources */ = {isa = PBXBuildFile; fileRef = 6C8F96D380AE3B69A4657DDF /* CompactPayTableView.swift */; };
		F0B81B367A60D0225030C752 /* job-penalty-cards.json in Resources */ = {isa = PBXBuildFile; fileRef = 17D72D119A83717900966B90 /* job-penalty-cards.json */; };
		F13F830AF67D078202C1C8C8 /* CasinoSetupView.swift in Sources */ = {isa = PBXBuildFile; fileRef = A4987021DE9F1994F59450E6 /* CasinoSetupView.swift */; };
		F240F12A6D999646A56984D9 /* dealt-winner.mp3 in Resources */ = {isa = PBXBuildFile; fileRef = 01336DB80608484C40DD1E4D /* dealt-winner.mp3 */; };
		F24D496317EFEB0937B8D5F8 /* ReviewQueueService.swift in Sources */ = {isa = PBXBuildFile; fileRef = B88B78742FE59734AB407E71 /* ReviewQueueService.swift */; };
		F3A9BDAC7AE3F7D7B4A69870 /* TrainingLessonQuizView.swift in Sources */ = {isa = PBXBuildFile; fileRef = A19E5DCC9A440CE3A8294C78 /* TrainingLessonQuizView.swift */; };
		F53C79B9350F1FFE402037AF /* OfflineDataView.swift in Sources */ = {isa = PBXBuildFile; fileRef = 95A3BB5B4BBCF8B1C40798FE /* OfflineDataView.swift */; };
		F672F15D4509DB1C8BC19983 /* TrainingLessonResultsView.swift in Sources */ = {isa = PBXBuildFile; fileRef = 74FE8DE6C5A1B639F573082B /* TrainingLessonResultsView.swift */; };
		F78513EF56E8A3BD94982702 /* SettingsView.swift in Sources */ = {isa = PBXBuildFile; fileRef = 8931B86F921F98C5CC2FCAE6 /* SettingsView.swift */; };
		F78B6D7A95BAFD16E73CFDBF /* ReviewItem.swift in Sources */ = {isa = PBXBuildFile; fileRef = D1E6A89D0E2C7B69601E44D5 /* ReviewItem.swift */; };
		F83B474784572370CC3A274B /* LessonQuizView.swift in Sources */ = {isa = PBXBuildFile; fileRef = 91345DF5464943346E6931C8 /* LessonQuizView.swift */; };
		F84AC56C5CF1FBCB1EA47F55 /* TourManager.swift in Sources */ = {isa = PBXBuildFile; fileRef = B539083EE48B03949D2883BC /* TourManager.swift */; };
		FDBE359F3B9E83614F1633FD /* PlayModels.swift in Sources */ = {isa = PBXBuildFile; fileRef = A245364B7651E1CFC1436B52 /* PlayModels.swift */; };
/* End PBXBuildFile section */

/* Begin PBXContainerItemProxy section */
		F1A9F05C51A8B682481D7E63 /* PBXContainerItemProxy */ = {
			isa = PBXContainerItemProxy;
			containerPortal = 213AAD3754CFA7AFCF711ED0 /* Project object */;
			proxyType = 1;
			remoteGlobalIDString = 9008CB59B0CC4BD7551CD3CF;
			remoteInfo = VideoPokerAcademy;
		};
/* End PBXContainerItemProxy section */

/* Begin PBXFileReference section */
		00BD1CADB282E91255F1B3B2 /* strategy_double_double_bonus_9_6.vpstrat2 */ = {isa = PBXFileReference; lastKnownFileType = file; path = strategy_double_double_bonus_9_6.vpstrat2; sourceTree = "<group>"; };
		011831B6B80976919A75F04D /* SimulationStartView.swift */ = {isa = PBXFileReference; lastKnownFileType = sourcecode.swift; path = SimulationStartView.swift; sourceTree = "<group>"; };
		01336DB80608484C40DD1E4D /* dealt-winner.mp3 */ = {isa = PBXFileReference; lastKnownFileType = audio.mp3; path = "dealt-winner.mp3"; sourceTree = "<group>"; };
		01666312F25E6FEF9E4A12D6 /* card-flip.mp3 */ = {isa = PBXFileReference; lastKnownFileType = audio.mp3; path = "card-flip.mp3"; sourceTree = "<group>"; };
		04844A700DD1740D38E2EEA7 /* DrillPlayView.swift */ = {isa = PBXFileReference; lastKnownFileType = sourcecode.swift; path = DrillPlayView.swift; sourceTree = "<group>"; };
		06E721E0AAC463C15947DBD8 /* VideoPokerAcademy.entitlements */ = {isa = PBXFileReference; lastKnownFileType = text.plist.entitlements; path = VideoPokerAcademy.entitlements; sourceTree = "<group>"; };
		070DAE9C15127D9377416569 /* TrainingService.swift */ = {isa = PBXFileReference; lastKnownFileType = sourcecode.swift; path = TrainingService.swift; sourceTree = "<group>"; };
		0A964A0B68AD28F50ACAB678 /* PendingAttemptsStore.swift */ = {isa = PBXFileReference; lastKnownFileType = sourcecode.swift; path = PendingAttemptsStore.swift; sourceTree = "<group>"; };
		0B545C8A858C0EDF48515FAA /* TrainingHubView.swift */ = {isa = PBXFileReference; lastKnownFileType = sourcecode.swift; path = TrainingHubView.swift; sourceTree = "<group>"; };
		0CF08A3F96095D1F73490648 /* GameFamily.swift */ = {isa = PBXFileReference; lastKnownFileType = sourcecode.swift; path = GameFamily.swift; sourceTree = "<group>"; };
		0DAEAA73EE9A5F3B4DA9D275 /* VoiceService.swift */ = {isa = PBXFileReference; lastKnownFileType = sourcecode.swift; path = VoiceService.swift; sourceTree = "<group>"; };
		0EADD77F2965DB7E7B82D60E /* CasinoModeViewModelTests.swift */ = {isa = PBXFileReference; lastKnownFileType = sourcecode.swift; path = CasinoModeViewModelTests.swift; sourceTree = "<group>"; };
		0F22E12DF15A4B41EEE98BF9 /* UltimateXStrategyService.swift */ = {isa = PBXFileReference; lastKnownFileType = sourcecode.swift; path = UltimateXStrategyService.swift; sourceTree = "<group>"; };
		1258C0711E182E5098C1D488 /* SpacedRepetitionService.swift */ = {isa = PBXFileReference; lastKnownFileType = sourcecode.swift; path = SpacedRepetitionService.swift; sourceTree = "<group>"; };
		13E923B960BE9BD035419ACF /* LessonDetailView.swift */ = {isa = PBXFileReference; lastKnownFileType = sourcecode.swift; path = LessonDetailView.swift; sourceTree = "<group>"; };
		154D712E326A00177B4FE711 /* strategy_double_double_bonus_9_6.json.gz */ = {isa = PBXFileReference; lastKnownFileType = archive.gzip; path = strategy_double_double_bonus_9_6.json.gz; sourceTree = "<group>"; };
		1583C4783057FAB0954A0235 /* TrainingLessonContentView.swift */ = {isa = PBXFileReference; lastKnownFileType = sourcecode.swift; path = TrainingLessonContentView.swift; sourceTree = "<group>"; };
		17D55E347FCEFD61A0235912 /* AuthView.swift */ = {isa = PBXFileReference; lastKnownFileType = sourcecode.swift; path = AuthView.swift; sourceTree = "<group>"; };
		17D72D119A83717900966B90 /* job-penalty-cards.json */ = {isa = PBXFileReference; lastKnownFileType = text.json; path = "job-penalty-cards.json"; sourceTree = "<group>"; };
		18E18282E53F743D74F87155 /* TourContent.swift */ = {isa = PBXFileReference; lastKnownFileType = sourcecode.swift; path = TourContent.swift; sourceTree = "<group>"; };
		1A8A5838530685E6CCC146BA /* MasteryDashboardView.swift */ = {isa = PBXFileReference; lastKnownFileType = sourcecode.swift; path = MasteryDashboardView.swift; sourceTree = "<group>"; };
		1B5BF5A4E3D463C7D9F244F9 /* HomeView.swift */ = {isa = PBXFileReference; lastKnownFileType = sourcecode.swift; path = HomeView.swift; sourceTree = "<group>"; };
		1C15FB477237EE13E6C1EBB0 /* HandCategory.swift */ = {isa = PBXFileReference; lastKnownFileType = sourcecode.swift; path = HandCategory.swift; sourceTree = "<group>"; };
		20024946FAB9047C3F46731E /* VideoPokerAcademyApp.swift */ = {isa = PBXFileReference; lastKnownFileType = sourcecode.swift; path = VideoPokerAcademyApp.swift; sourceTree = "<group>"; };
		206DD93CFF04FC4FB7C07088 /* job-high-cards.json */ = {isa = PBXFileReference; lastKnownFileType = text.json; path = "job-high-cards.json"; sourceTree = "<group>"; };
		22FC760A3A1295ED9600D8EC /* AuthViewModel.swift */ = {isa = PBXFileReference; lastKnownFileType = sourcecode.swift; path = AuthViewModel.swift; sourceTree = "<group>"; };
		23BCDCB40917EDC8ED7B5AB4 /* ResetPasswordView.swift */ = {isa = PBXFileReference; lastKnownFileType = sourcecode.swift; path = ResetPasswordView.swift; sourceTree = "<group>"; };
		2D36054A6EE20D406B54987D /* job-made-hands.json */ = {isa = PBXFileReference; lastKnownFileType = text.json; path = "job-made-hands.json"; sourceTree = "<group>"; };
		2DAC740E7E004BBA3165E81B /* PayTableData.swift */ = {isa = PBXFileReference; lastKnownFileType = sourcecode.swift; path = PayTableData.swift; sourceTree = "<group>"; };
		BD0B88CC2019B5E72131D848 /* WWWPayTableData.swift */ = {isa = PBXFileReference; lastKnownFileType = sourcecode.swift; path = WWWPayTableData.swift; sourceTree = "<group>"; };
		3140B0170FB1BDF34F61E5F8 /* ReviewQueueView.swift */ = {isa = PBXFileReference; lastKnownFileType = sourcecode.swift; path = ReviewQueueView.swift; sourceTree = "<group>"; };
		36DDAACDD282E4126C8E73CC /* ResponseFormatterTests.swift */ = {isa = PBXFileReference; lastKnownFileType = sourcecode.swift; path = ResponseFormatterTests.swift; sourceTree = "<group>"; };
		3B46A2A5E6813351ED7C1329 /* strategy_double_bonus_10_7.vpstrat2 */ = {isa = PBXFileReference; lastKnownFileType = file; path = strategy_double_bonus_10_7.vpstrat2; sourceTree = "<group>"; };
		3C50207F9EA2EEB989A879BF /* TrainingExplanationView.swift */ = {isa = PBXFileReference; lastKnownFileType = sourcecode.swift; path = TrainingExplanationView.swift; sourceTree = "<group>"; };
		3E703C8F2929345AAD856519 /* HoldOutcomeCalculatorTests.swift */ = {isa = PBXFileReference; lastKnownFileType = sourcecode.swift; path = HoldOutcomeCalculatorTests.swift; sourceTree = "<group>"; };
		3FC587C11E7733A811504448 /* MultiHandGrid.swift */ = {isa = PBXFileReference; lastKnownFileType = sourcecode.swift; path = MultiHandGrid.swift; sourceTree = "<group>"; };
		435D1D6B99139BDC264FFD02 /* button-tap.mp3 */ = {isa = PBXFileReference; lastKnownFileType = audio.mp3; path = "button-tap.mp3"; sourceTree = "<group>"; };
		4674AAE04F2C550DE4674B49 /* QuizPlayView.swift */ = {isa = PBXFileReference; lastKnownFileType = sourcecode.swift; path = QuizPlayView.swift; sourceTree = "<group>"; };
		477D78B1353F5D8FEBC3AF98 /* HandEvaluator.swift */ = {isa = PBXFileReference; lastKnownFileType = sourcecode.swift; path = HandEvaluator.swift; sourceTree = "<group>"; };
		48012F087B9F057F5D29098A /* HandEvaluatorTests.swift */ = {isa = PBXFileReference; lastKnownFileType = sourcecode.swift; path = HandEvaluatorTests.swift; sourceTree = "<group>"; };
		9D694C0DDBBC4FACA4543603 /* UltimateXEKTableTests.swift */ = {isa = PBXFileReference; lastKnownFileType = sourcecode.swift; path = UltimateXEKTableTests.swift; sourceTree = "<group>"; };
		9F62D765B4396467ADCF3478 /* UltimateXStrategyServiceTests.swift */ = {isa = PBXFileReference; lastKnownFileType = sourcecode.swift; path = UltimateXStrategyServiceTests.swift; sourceTree = "<group>"; };
		2514F49F380F49DEAC52EDBD /* UltimateXPlayModeTests.swift */ = {isa = PBXFileReference; lastKnownFileType = sourcecode.swift; path = UltimateXPlayModeTests.swift; sourceTree = "<group>"; };
		B1C2D3E4F5067182930A4B5D /* UltimateXQuizTests.swift */ = {isa = PBXFileReference; lastKnownFileType = sourcecode.swift; path = UltimateXQuizTests.swift; sourceTree = "<group>"; };
		D3E4F5A6B7C80920415B6C7E /* UltimateXSimulationTests.swift */ = {isa = PBXFileReference; lastKnownFileType = sourcecode.swift; path = UltimateXSimulationTests.swift; sourceTree = "<group>"; };
		E4F5A6B7C80920415B6C7E00 /* UXSimulationStatsTests.swift */ = {isa = PBXFileReference; lastKnownFileType = sourcecode.swift; path = UXSimulationStatsTests.swift; sourceTree = "<group>"; };
		49D29DC4D6A6DF4CD2CBF0E6 /* SimulationModels.swift */ = {isa = PBXFileReference; lastKnownFileType = sourcecode.swift; path = SimulationModels.swift; sourceTree = "<group>"; };
		4CAEB3689258109EA53DE58B /* PlayViewModel.swift */ = {isa = PBXFileReference; lastKnownFileType = sourcecode.swift; path = PlayViewModel.swift; sourceTree = "<group>"; };
		525F1DE06BD8B044BADE8E84 /* Card.swift */ = {isa = PBXFileReference; lastKnownFileType = sourcecode.swift; path = Card.swift; sourceTree = "<group>"; };
		537B63F67879FD54C6B02456 /* PlayStartView.swift */ = {isa = PBXFileReference; lastKnownFileType = sourcecode.swift; path = PlayStartView.swift; sourceTree = "<group>"; };
		5396FE3BB8E3650A6A443F66 /* strategy_deuces_wild_nsud.json.gz */ = {isa = PBXFileReference; lastKnownFileType = archive.gzip; path = strategy_deuces_wild_nsud.json.gz; sourceTree = "<group>"; };
		5466288ABB4693DDA0CD0795 /* strategy_deuces_wild_nsud.vpstrat2 */ = {isa = PBXFileReference; lastKnownFileType = file; path = strategy_deuces_wild_nsud.vpstrat2; sourceTree = "<group>"; };
		58AC4B2DA7F08BDC34197904 /* StrategyService.swift */ = {isa = PBXFileReference; lastKnownFileType = sourcecode.swift; path = StrategyService.swift; sourceTree = "<group>"; };
		58CB0E309001E55396A49100 /* DrillCompleteView.swift */ = {isa = PBXFileReference; lastKnownFileType = sourcecode.swift; path = DrillCompleteView.swift; sourceTree = "<group>"; };
		5A47BFA4F0D0FBA097129438 /* Hand.swift */ = {isa = PBXFileReference; lastKnownFileType = sourcecode.swift; path = Hand.swift; sourceTree = "<group>"; };
		6002F3C49DEAB543783F3190 /* HapticService.swift */ = {isa = PBXFileReference; lastKnownFileType = sourcecode.swift; path = HapticService.swift; sourceTree = "<group>"; };
		600E895C7F61574DD6406959 /* LessonCompleteView.swift */ = {isa = PBXFileReference; lastKnownFileType = sourcecode.swift; path = LessonCompleteView.swift; sourceTree = "<group>"; };
		61449B33F9B4994F10C291CB /* UltimateXModels.swift */ = {isa = PBXFileReference; lastKnownFileType = sourcecode.swift; path = UltimateXModels.swift; sourceTree = "<group>"; };
		AA11BB22CC33DD44EE55FF67 /* WildWildWildModels.swift */ = {isa = PBXFileReference; lastKnownFileType = sourcecode.swift; path = WildWildWildModels.swift; sourceTree = "<group>"; };
		CC33DD44EE55FF66778899AB /* HandWWWTests.swift */ = {isa = PBXFileReference; lastKnownFileType = sourcecode.swift; path = HandWWWTests.swift; sourceTree = "<group>"; };
		BB22CC33DD44EE55FF667789 /* WildWildWildModelsTests.swift */ = {isa = PBXFileReference; lastKnownFileType = sourcecode.swift; path = WildWildWildModelsTests.swift; sourceTree = "<group>"; };
		DD44EE55FF66778899AABB01 /* PlayViewModelWWWTests.swift */ = {isa = PBXFileReference; lastKnownFileType = sourcecode.swift; path = PlayViewModelWWWTests.swift; sourceTree = "<group>"; };
		622995B527494F11A3A75972 /* UltimateXEKTable.swift */ = {isa = PBXFileReference; lastKnownFileType = sourcecode.swift; path = UltimateXEKTable.swift; sourceTree = "<group>"; };
		6307EA07886E798392B296BB /* next-hand.mp3 */ = {isa = PBXFileReference; lastKnownFileType = audio.mp3; path = "next-hand.mp3"; sourceTree = "<group>"; };
		64805CE25FB9A31D4B556D1C /* TrainingLessonData.swift */ = {isa = PBXFileReference; lastKnownFileType = sourcecode.swift; path = TrainingLessonData.swift; sourceTree = "<group>"; };
		6527D7465E271EF46688C0EE /* AnalyzerViewModel.swift */ = {isa = PBXFileReference; lastKnownFileType = sourcecode.swift; path = AnalyzerViewModel.swift; sourceTree = "<group>"; };
		685C2C42F74C7D1A80CE6A11 /* Lesson.swift */ = {isa = PBXFileReference; lastKnownFileType = sourcecode.swift; path = Lesson.swift; sourceTree = "<group>"; };
		695178CEADA0760C85FD626F /* TourOverlayView.swift */ = {isa = PBXFileReference; lastKnownFileType = sourcecode.swift; path = TourOverlayView.swift; sourceTree = "<group>"; };
		6C8F96D380AE3B69A4657DDF /* CompactPayTableView.swift */ = {isa = PBXFileReference; lastKnownFileType = sourcecode.swift; path = CompactPayTableView.swift; sourceTree = "<group>"; };
		6DDC9161A74B5AECAD1FC235 /* card-select.mp3 */ = {isa = PBXFileReference; lastKnownFileType = audio.mp3; path = "card-select.mp3"; sourceTree = "<group>"; };
		6F344A9B558456C4B1E85527 /* strategy_bonus_poker_8_5.json */ = {isa = PBXFileReference; lastKnownFileType = text.json; path = strategy_bonus_poker_8_5.json; sourceTree = "<group>"; };
		718CAE21049D757E7144D7B4 /* HundredPlayTallyView.swift */ = {isa = PBXFileReference; lastKnownFileType = sourcecode.swift; path = HundredPlayTallyView.swift; sourceTree = "<group>"; };
		BCF90C94B2AEB41091045BCD /* UltimateXStrategyPanel.swift */ = {isa = PBXFileReference; lastKnownFileType = sourcecode.swift; path = UltimateXStrategyPanel.swift; sourceTree = "<group>"; };
		74FE8DE6C5A1B639F573082B /* TrainingLessonResultsView.swift */ = {isa = PBXFileReference; lastKnownFileType = sourcecode.swift; path = TrainingLessonResultsView.swift; sourceTree = "<group>"; };
		7A38C3080B65008342707177 /* TrainingGameSelectorView.swift */ = {isa = PBXFileReference; lastKnownFileType = sourcecode.swift; path = TrainingGameSelectorView.swift; sourceTree = "<group>"; };
		7A3AA5EB3F8AEB08D4548731 /* AppTheme.swift */ = {isa = PBXFileReference; lastKnownFileType = sourcecode.swift; path = AppTheme.swift; sourceTree = "<group>"; };
		7CFB4AAA5B83232F32F7000C /* PlayView.swift */ = {isa = PBXFileReference; lastKnownFileType = sourcecode.swift; path = PlayView.swift; sourceTree = "<group>"; };
		7D47240DF972E7B9A4903C18 /* HoldOutcomeCalculator.swift */ = {isa = PBXFileReference; lastKnownFileType = sourcecode.swift; path = HoldOutcomeCalculator.swift; sourceTree = "<group>"; };
		8E6AC0A86CC9410293EB55DD /* EKTableGenerator.swift */ = {isa = PBXFileReference; lastKnownFileType = sourcecode.swift; path = EKTableGenerator.swift; sourceTree = "<group>"; };
		7E08F3595F299121A7328097 /* quiz-complete.mp3 */ = {isa = PBXFileReference; lastKnownFileType = audio.mp3; path = "quiz-complete.mp3"; sourceTree = "<group>"; };
		805680B4A7E99743493EB4C3 /* CardGlowEffect.swift */ = {isa = PBXFileReference; lastKnownFileType = sourcecode.swift; path = CardGlowEffect.swift; sourceTree = "<group>"; };
		730EF33BCFF3310940AD425F /* GameInfoSheet.swift */ = {isa = PBXFileReference; lastKnownFileType = sourcecode.swift; path = GameInfoSheet.swift; sourceTree = "<group>"; };
		811F5197F5A99BAF1E888136 /* Tour.swift */ = {isa = PBXFileReference; lastKnownFileType = sourcecode.swift; path = Tour.swift; sourceTree = "<group>"; };
		8389B02C3EA6EE14EEA16970 /* PopularGameButton.swift */ = {isa = PBXFileReference; lastKnownFileType = sourcecode.swift; path = PopularGameButton.swift; sourceTree = "<group>"; };
		8931B86F921F98C5CC2FCAE6 /* SettingsView.swift */ = {isa = PBXFileReference; lastKnownFileType = sourcecode.swift; path = SettingsView.swift; sourceTree = "<group>"; };
		8A115FF11C8E1366E215658C /* strategy_triple_double_bonus_9_6.json.gz */ = {isa = PBXFileReference; lastKnownFileType = archive.gzip; path = strategy_triple_double_bonus_9_6.json.gz; sourceTree = "<group>"; };
		8A9D90A4E1557A1120CA33F2 /* Drill.swift */ = {isa = PBXFileReference; lastKnownFileType = sourcecode.swift; path = Drill.swift; sourceTree = "<group>"; };
		8AFBF0BB36C9BC8ED2080DD3 /* AudioService.swift */ = {isa = PBXFileReference; lastKnownFileType = sourcecode.swift; path = AudioService.swift; sourceTree = "<group>"; };
		91345DF5464943346E6931C8 /* LessonQuizView.swift */ = {isa = PBXFileReference; lastKnownFileType = sourcecode.swift; path = LessonQuizView.swift; sourceTree = "<group>"; };
		9185EC480DFA6023916C3B3F /* NetworkMonitor.swift */ = {isa = PBXFileReference; lastKnownFileType = sourcecode.swift; path = NetworkMonitor.swift; sourceTree = "<group>"; };
		95A3BB5B4BBCF8B1C40798FE /* OfflineDataView.swift */ = {isa = PBXFileReference; lastKnownFileType = sourcecode.swift; path = OfflineDataView.swift; sourceTree = "<group>"; };
		98F5B531F0884E267C583CED /* coin-payout.mp3 */ = {isa = PBXFileReference; lastKnownFileType = audio.mp3; path = "coin-payout.mp3"; sourceTree = "<group>"; };
		9A4B54C283367FC285DD47FF /* UserDataSyncService.swift */ = {isa = PBXFileReference; lastKnownFileType = sourcecode.swift; path = UserDataSyncService.swift; sourceTree = "<group>"; };
		9B3C4C6AC76626B632FF575D /* TrainingLessonListViewModel.swift */ = {isa = PBXFileReference; lastKnownFileType = sourcecode.swift; path = TrainingLessonListViewModel.swift; sourceTree = "<group>"; };
		9CB17BE906FCE69E9299ECAF /* UltimateXEVBenchmarkViewModel.swift */ = {isa = PBXFileReference; lastKnownFileType = sourcecode.swift; path = UltimateXEVBenchmarkViewModel.swift; sourceTree = "<group>"; };
		A19E5DCC9A440CE3A8294C78 /* TrainingLessonQuizView.swift */ = {isa = PBXFileReference; lastKnownFileType = sourcecode.swift; path = TrainingLessonQuizView.swift; sourceTree = "<group>"; };
		A245364B7651E1CFC1436B52 /* PlayModels.swift */ = {isa = PBXFileReference; lastKnownFileType = sourcecode.swift; path = PlayModels.swift; sourceTree = "<group>"; };
		A2C245E7B30D707D5A0879EA /* submit.mp3 */ = {isa = PBXFileReference; lastKnownFileType = audio.mp3; path = submit.mp3; sourceTree = "<group>"; };
		A39A8F517105392BAC40AB74 /* SimulationResultsView.swift */ = {isa = PBXFileReference; lastKnownFileType = sourcecode.swift; path = SimulationResultsView.swift; sourceTree = "<group>"; };
		A3CA0409D50D835A3342502D /* big-win.mp3 */ = {isa = PBXFileReference; lastKnownFileType = audio.mp3; path = "big-win.mp3"; sourceTree = "<group>"; };
		A4987021DE9F1994F59450E6 /* CasinoSetupView.swift */ = {isa = PBXFileReference; lastKnownFileType = sourcecode.swift; path = CasinoSetupView.swift; sourceTree = "<group>"; };
		A515D4EA182AAB3C46A8C562 /* VideoPokerAcademy.app */ = {isa = PBXFileReference; explicitFileType = wrapper.application; includeInIndex = 0; path = VideoPokerAcademy.app; sourceTree = BUILT_PRODUCTS_DIR; };
		A5A27473CDF37F098DA2C385 /* Info.plist */ = {isa = PBXFileReference; lastKnownFileType = text.plist; path = Info.plist; sourceTree = "<group>"; };
		A673BBD6C664E52E3B5BB191 /* DealtWinnerBanner.swift */ = {isa = PBXFileReference; lastKnownFileType = sourcecode.swift; path = DealtWinnerBanner.swift; sourceTree = "<group>"; };
		A74BA337321B74B9C1E403A4 /* VoiceServiceTests.swift */ = {isa = PBXFileReference; lastKnownFileType = sourcecode.swift; path = VoiceServiceTests.swift; sourceTree = "<group>"; };
		AC3270A0FB1C69D905B46441 /* QuizViewModel.swift */ = {isa = PBXFileReference; lastKnownFileType = sourcecode.swift; path = QuizViewModel.swift; sourceTree = "<group>"; };
		AF8635E8A809316C73C51A4D /* AudioServiceSuspendTests.swift */ = {isa = PBXFileReference; lastKnownFileType = sourcecode.swift; path = AudioServiceSuspendTests.swift; sourceTree = "<group>"; };
		B03466959AE852F4EB0BE0E7 /* PayTable.swift */ = {isa = PBXFileReference; lastKnownFileType = sourcecode.swift; path = PayTable.swift; sourceTree = "<group>"; };
		B036DE4CF05931A93835ADA2 /* SupabaseService.swift */ = {isa = PBXFileReference; lastKnownFileType = sourcecode.swift; path = SupabaseService.swift; sourceTree = "<group>"; };
		B0C1CCDF429157ED4A26DF3F /* CardView.swift */ = {isa = PBXFileReference; lastKnownFileType = sourcecode.swift; path = CardView.swift; sourceTree = "<group>"; };
		B30C8681CDCFD847A79A6AF4 /* TrainingHubViewModel.swift */ = {isa = PBXFileReference; lastKnownFileType = sourcecode.swift; path = TrainingHubViewModel.swift; sourceTree = "<group>"; };
		B539083EE48B03949D2883BC /* TourManager.swift */ = {isa = PBXFileReference; lastKnownFileType = sourcecode.swift; path = TourManager.swift; sourceTree = "<group>"; };
		B593A4288FB55425DEC2B842 /* ChangePasswordView.swift */ = {isa = PBXFileReference; lastKnownFileType = sourcecode.swift; path = ChangePasswordView.swift; sourceTree = "<group>"; };
		B630E82E6A09323E1CC6A9DE /* TourTooltipView.swift */ = {isa = PBXFileReference; lastKnownFileType = sourcecode.swift; path = TourTooltipView.swift; sourceTree = "<group>"; };
		B6DCBF01A6962E993279B541 /* DebugLog.swift */ = {isa = PBXFileReference; lastKnownFileType = sourcecode.swift; path = DebugLog.swift; sourceTree = "<group>"; };
		B88B78742FE59734AB407E71 /* ReviewQueueService.swift */ = {isa = PBXFileReference; lastKnownFileType = sourcecode.swift; path = ReviewQueueService.swift; sourceTree = "<group>"; };
		B9126DA82F16427460806971 /* DrillViewModel.swift */ = {isa = PBXFileReference; lastKnownFileType = sourcecode.swift; path = DrillViewModel.swift; sourceTree = "<group>"; };
		BE9A2DDBF2E7F2EA01B235A6 /* TrainingLessonListView.swift */ = {isa = PBXFileReference; lastKnownFileType = sourcecode.swift; path = TrainingLessonListView.swift; sourceTree = "<group>"; };
		C2C339B4FC1F8126AC431E42 /* CardParser.swift */ = {isa = PBXFileReference; lastKnownFileType = sourcecode.swift; path = CardParser.swift; sourceTree = "<group>"; };
		C2D97248637802E1D8F286D7 /* SimulationContainerView.swift */ = {isa = PBXFileReference; lastKnownFileType = sourcecode.swift; path = SimulationContainerView.swift; sourceTree = "<group>"; };
		C339F526E999271A6AB1C4F5 /* VideoPokerAcademyTests.xctest */ = {isa = PBXFileReference; includeInIndex = 0; lastKnownFileType = wrapper.cfbundle; path = VideoPokerAcademyTests.xctest; sourceTree = BUILT_PRODUCTS_DIR; };
		C44C0D4E41B7DC093976157A /* correct.mp3 */ = {isa = PBXFileReference; lastKnownFileType = audio.mp3; path = correct.mp3; sourceTree = "<group>"; };
		C47EF9D466BFBC97BC9F5EF6 /* GameSelectorView.swift */ = {isa = PBXFileReference; lastKnownFileType = sourcecode.swift; path = GameSelectorView.swift; sourceTree = "<group>"; };
		C6B98DD0915C0C5120E79D1A /* UltimateXEVBenchmarkView.swift */ = {isa = PBXFileReference; lastKnownFileType = sourcecode.swift; path = UltimateXEVBenchmarkView.swift; sourceTree = "<group>"; };
		C941FDC5D7DBC1BD5C92A122 /* MiniHandView.swift */ = {isa = PBXFileReference; lastKnownFileType = sourcecode.swift; path = MiniHandView.swift; sourceTree = "<group>"; };
		CCD563F6C3B8CF399F50F9CF /* StrategyLookupService.swift */ = {isa = PBXFileReference; lastKnownFileType = sourcecode.swift; path = StrategyLookupService.swift; sourceTree = "<group>"; };
		CD2E7E2776EAB7CAD9A4CA76 /* ReviewQueueViewModel.swift */ = {isa = PBXFileReference; lastKnownFileType = sourcecode.swift; path = ReviewQueueViewModel.swift; sourceTree = "<group>"; };
		CF8D78D7C6B3C9DD183D0C33 /* TrainingLesson.swift */ = {isa = PBXFileReference; lastKnownFileType = sourcecode.swift; path = TrainingLesson.swift; sourceTree = "<group>"; };
		D1E6A89D0E2C7B69601E44D5 /* ReviewItem.swift */ = {isa = PBXFileReference; lastKnownFileType = sourcecode.swift; path = ReviewItem.swift; sourceTree = "<group>"; };
		D2A90D1BCFCE54EE96B031B5 /* CourseCompletionCelebrationView.swift */ = {isa = PBXFileReference; lastKnownFileType = sourcecode.swift; path = CourseCompletionCelebrationView.swift; sourceTree = "<group>"; };
		D6C4F2F4C87F18E1A9F1E6D0 /* RatingPromptView.swift */ = {isa = PBXFileReference; lastKnownFileType = sourcecode.swift; path = RatingPromptView.swift; sourceTree = "<group>"; };
		DB1BEA2C49BEAF27505FCEAD /* StartCasinoListeningIntent.swift */ = {isa = PBXFileReference; lastKnownFileType = sourcecode.swift; path = StartCasinoListeningIntent.swift; sourceTree = "<group>"; };
		DB3EA445C61C5B15EC6DCB12 /* strategy_jacks_or_better_9_6.json.gz */ = {isa = PBXFileReference; lastKnownFileType = archive.gzip; path = strategy_jacks_or_better_9_6.json.gz; sourceTree = "<group>"; };
		DB4E63527AA41C202F9E69CB /* MasteryViewModel.swift */ = {isa = PBXFileReference; lastKnownFileType = sourcecode.swift; path = MasteryViewModel.swift; sourceTree = "<group>"; };
		DE6F790FB44A92186B80B397 /* BinaryStrategyStoreV2.swift */ = {isa = PBXFileReference; lastKnownFileType = sourcecode.swift; path = BinaryStrategyStoreV2.swift; sourceTree = "<group>"; };
		DE7FBC018C0DC89FB51AD0B2 /* SimulationRunningView.swift */ = {isa = PBXFileReference; lastKnownFileType = sourcecode.swift; path = SimulationRunningView.swift; sourceTree = "<group>"; };
		DF2171D8966579AC447912EA /* CertificatePinning.swift */ = {isa = PBXFileReference; lastKnownFileType = sourcecode.swift; path = CertificatePinning.swift; sourceTree = "<group>"; };
		E10D2E88C22D7D578C4E01CC /* SimulationViewModel.swift */ = {isa = PBXFileReference; lastKnownFileType = sourcecode.swift; path = SimulationViewModel.swift; sourceTree = "<group>"; };
		687C53C93A6E49EAAEA13B9D /* CardJokerTests.swift */ = {isa = PBXFileReference; lastKnownFileType = sourcecode.swift; path = CardJokerTests.swift; sourceTree = "<group>"; };
		E122D7986196771F738D2656 /* CardParserTests.swift */ = {isa = PBXFileReference; lastKnownFileType = sourcecode.swift; path = CardParserTests.swift; sourceTree = "<group>"; };
		E2A1A7FE15ED6DE1CCBACDFB /* QuizResultsView.swift */ = {isa = PBXFileReference; lastKnownFileType = sourcecode.swift; path = QuizResultsView.swift; sourceTree = "<group>"; };
		E4ED0C04709900D35DA5047C /* incorrect.mp3 */ = {isa = PBXFileReference; lastKnownFileType = audio.mp3; path = incorrect.mp3; sourceTree = "<group>"; };
		EADC4946BE3F992BAA87FCBC /* CasinoModeViewModel.swift */ = {isa = PBXFileReference; lastKnownFileType = sourcecode.swift; path = CasinoModeViewModel.swift; sourceTree = "<group>"; };
		ECE2C923F3715B4AF08DDDDE /* CasinoModeView.swift */ = {isa = PBXFileReference; lastKnownFileType = sourcecode.swift; path = CasinoModeView.swift; sourceTree = "<group>"; };
		EE32A1B55910EF4A43FD68E8 /* RatingPromptService.swift */ = {isa = PBXFileReference; lastKnownFileType = sourcecode.swift; path = RatingPromptService.swift; sourceTree = "<group>"; };
		F04525B2E15AA871EF2EB9FD /* SpeechSynthesisService.swift */ = {isa = PBXFileReference; lastKnownFileType = sourcecode.swift; path = SpeechSynthesisService.swift; sourceTree = "<group>"; };
		F08C9BCFD48838F6F84E259E /* MiniCardView.swift */ = {isa = PBXFileReference; lastKnownFileType = sourcecode.swift; path = MiniCardView.swift; sourceTree = "<group>"; };
		F17EDA1FE70C854DEF79CCB0 /* strategy_jacks_or_better_9_6.vpstrat2 */ = {isa = PBXFileReference; lastKnownFileType = file; path = strategy_jacks_or_better_9_6.vpstrat2; sourceTree = "<group>"; };
		F207D69A2F3A81734D6D31DF /* TrainingLessonQuizViewModel.swift */ = {isa = PBXFileReference; lastKnownFileType = sourcecode.swift; path = TrainingLessonQuizViewModel.swift; sourceTree = "<group>"; };
		F3C5B45C7DC5EDFC38CF72CA /* TourTargetModifier.swift */ = {isa = PBXFileReference; lastKnownFileType = sourcecode.swift; path = TourTargetModifier.swift; sourceTree = "<group>"; };
		F3ED162C69D560C063AC99EF /* EditProfileView.swift */ = {isa = PBXFileReference; lastKnownFileType = sourcecode.swift; path = EditProfileView.swift; sourceTree = "<group>"; };
		F8A03D085E934C121689C54B /* MasteryScore.swift */ = {isa = PBXFileReference; lastKnownFileType = sourcecode.swift; path = MasteryScore.swift; sourceTree = "<group>"; };
		F8A94B38A9479BC5141B8392 /* LessonViewModel.swift */ = {isa = PBXFileReference; lastKnownFileType = sourcecode.swift; path = LessonViewModel.swift; sourceTree = "<group>"; };
		F99E099CD1ACA3AA44E16426 /* WelcomeView.swift */ = {isa = PBXFileReference; lastKnownFileType = sourcecode.swift; path = WelcomeView.swift; sourceTree = "<group>"; };
		FB0437103D05DE42B7E09A4F /* TourSettingsView.swift */ = {isa = PBXFileReference; lastKnownFileType = sourcecode.swift; path = TourSettingsView.swift; sourceTree = "<group>"; };
		FB91F54C372566A26093CE2C /* RatingPromptServiceTests.swift */ = {isa = PBXFileReference; lastKnownFileType = sourcecode.swift; path = RatingPromptServiceTests.swift; sourceTree = "<group>"; };
		FCF15F62A67B4B4619550553 /* ForgotPasswordView.swift */ = {isa = PBXFileReference; lastKnownFileType = sourcecode.swift; path = ForgotPasswordView.swift; sourceTree = "<group>"; };
		FD43B3D7AD070484BDDAE526 /* Assets.xcassets */ = {isa = PBXFileReference; lastKnownFileType = folder.assetcatalog; path = Assets.xcassets; sourceTree = "<group>"; };
		FD95619B564F1912B0DB27E7 /* HandAnalyzerView.swift */ = {isa = PBXFileReference; lastKnownFileType = sourcecode.swift; path = HandAnalyzerView.swift; sourceTree = "<group>"; };
		D28FE906D02246218C8EE340 /* AnalyzerStartView.swift */ = {isa = PBXFileReference; lastKnownFileType = sourcecode.swift; path = AnalyzerStartView.swift; sourceTree = "<group>"; };
		FDEE001BA9FF6B423496F786 /* ResponseFormatter.swift */ = {isa = PBXFileReference; lastKnownFileType = sourcecode.swift; path = ResponseFormatter.swift; sourceTree = "<group>"; };
		FED9B359475EA57DDD008492 /* SpeechSynthesisServiceTests.swift */ = {isa = PBXFileReference; lastKnownFileType = sourcecode.swift; path = SpeechSynthesisServiceTests.swift; sourceTree = "<group>"; };
		FF1B3E98E1407F5E2DEAD95C /* SyncService.swift */ = {isa = PBXFileReference; lastKnownFileType = sourcecode.swift; path = SyncService.swift; sourceTree = "<group>"; };
/* End PBXFileReference section */

/* Begin PBXFrameworksBuildPhase section */
		24CBB88D4AE28BBCA4893CF7 /* Frameworks */ = {
			isa = PBXFrameworksBuildPhase;
			buildActionMask = 2147483647;
			files = (
				5F06C63330559882EF1A75D4 /* Supabase in Frameworks */,
				12EA2CF5432688488D19BF4A /* Sentry in Frameworks */,
			);
			runOnlyForDeploymentPostprocessing = 0;
		};
/* End PBXFrameworksBuildPhase section */

/* Begin PBXGroup section */
		043E6AD0E2E42453CD99108E /* Training */ = {
			isa = PBXGroup;
			children = (
				D2A90D1BCFCE54EE96B031B5 /* CourseCompletionCelebrationView.swift */,
				3C50207F9EA2EEB989A879BF /* TrainingExplanationView.swift */,
				7A38C3080B65008342707177 /* TrainingGameSelectorView.swift */,
				0B545C8A858C0EDF48515FAA /* TrainingHubView.swift */,
				1583C4783057FAB0954A0235 /* TrainingLessonContentView.swift */,
				BE9A2DDBF2E7F2EA01B235A6 /* TrainingLessonListView.swift */,
				A19E5DCC9A440CE3A8294C78 /* TrainingLessonQuizView.swift */,
				74FE8DE6C5A1B639F573082B /* TrainingLessonResultsView.swift */,
				618CFBFC52EBCA262656EDA2 /* Drills */,
				0B34F8F9BC83D258097EC6D6 /* Lessons */,
				8D0E60E69282CDFBC027226A /* Review */,
			);
			path = Training;
			sourceTree = "<group>";
		};
		06878DD427920AEFDA300085 /* Models */ = {
			isa = PBXGroup;
			children = (
				525F1DE06BD8B044BADE8E84 /* Card.swift */,
				8A9D90A4E1557A1120CA33F2 /* Drill.swift */,
				0CF08A3F96095D1F73490648 /* GameFamily.swift */,
				5A47BFA4F0D0FBA097129438 /* Hand.swift */,
				1C15FB477237EE13E6C1EBB0 /* HandCategory.swift */,
				685C2C42F74C7D1A80CE6A11 /* Lesson.swift */,
				F8A03D085E934C121689C54B /* MasteryScore.swift */,
				B03466959AE852F4EB0BE0E7 /* PayTable.swift */,
				2DAC740E7E004BBA3165E81B /* PayTableData.swift */,
				BD0B88CC2019B5E72131D848 /* WWWPayTableData.swift */,
				A245364B7651E1CFC1436B52 /* PlayModels.swift */,
				D1E6A89D0E2C7B69601E44D5 /* ReviewItem.swift */,
				49D29DC4D6A6DF4CD2CBF0E6 /* SimulationModels.swift */,
				811F5197F5A99BAF1E888136 /* Tour.swift */,
				18E18282E53F743D74F87155 /* TourContent.swift */,
				CF8D78D7C6B3C9DD183D0C33 /* TrainingLesson.swift */,
				64805CE25FB9A31D4B556D1C /* TrainingLessonData.swift */,
				61449B33F9B4994F10C291CB /* UltimateXModels.swift */,
			622995B527494F11A3A75972 /* UltimateXEKTable.swift */,
				AA11BB22CC33DD44EE55FF67 /* WildWildWildModels.swift */,
			);
			path = Models;
			sourceTree = "<group>";
		};
		09A8E21030412253693F96C6 /* Auth */ = {
			isa = PBXGroup;
			children = (
				17D55E347FCEFD61A0235912 /* AuthView.swift */,
				FCF15F62A67B4B4619550553 /* ForgotPasswordView.swift */,
				23BCDCB40917EDC8ED7B5AB4 /* ResetPasswordView.swift */,
				F99E099CD1ACA3AA44E16426 /* WelcomeView.swift */,
			);
			path = Auth;
			sourceTree = "<group>";
		};
		0B34F8F9BC83D258097EC6D6 /* Lessons */ = {
			isa = PBXGroup;
			children = (
				600E895C7F61574DD6406959 /* LessonCompleteView.swift */,
				13E923B960BE9BD035419ACF /* LessonDetailView.swift */,
				91345DF5464943346E6931C8 /* LessonQuizView.swift */,
			);
			path = Lessons;
			sourceTree = "<group>";
		};
		1C06282D46062976F9109171 /* AppIntents */ = {
			isa = PBXGroup;
			children = (
				DB1BEA2C49BEAF27505FCEAD /* StartCasinoListeningIntent.swift */,
			);
			path = AppIntents;
			sourceTree = "<group>";
		};
		3CB602FA5FCCEEB1E0D72A8E /* Play */ = {
			isa = PBXGroup;
			children = (
				718CAE21049D757E7144D7B4 /* HundredPlayTallyView.swift */,
				F08C9BCFD48838F6F84E259E /* MiniCardView.swift */,
				C941FDC5D7DBC1BD5C92A122 /* MiniHandView.swift */,
				3FC587C11E7733A811504448 /* MultiHandGrid.swift */,
				537B63F67879FD54C6B02456 /* PlayStartView.swift */,
				7CFB4AAA5B83232F32F7000C /* PlayView.swift */,
				BCF90C94B2AEB41091045BCD /* UltimateXStrategyPanel.swift */,
			);
			path = Play;
			sourceTree = "<group>";
		};
		3CC5BDA8DB80865697E9CBC5 = {
			isa = PBXGroup;
			children = (
				6C5E8398BB0A3A69139FAE5F /* VideoPokerAcademy */,
				FEE264B8BDA246AB1AEAA581 /* VideoPokerAcademyTests */,
				C5058A0828D6091C69E1B6A6 /* Products */,
			);
			sourceTree = "<group>";
		};
		3E0CC43D4B2B0193F402791C /* Mastery */ = {
			isa = PBXGroup;
			children = (
				1A8A5838530685E6CCC146BA /* MasteryDashboardView.swift */,
			);
			path = Mastery;
			sourceTree = "<group>";
		};
		491B950A71CCE1A486C54D3F /* Components */ = {
			isa = PBXGroup;
			children = (
				7A3AA5EB3F8AEB08D4548731 /* AppTheme.swift */,
				805680B4A7E99743493EB4C3 /* CardGlowEffect.swift */,
				730EF33BCFF3310940AD425F /* GameInfoSheet.swift */,
				B0C1CCDF429157ED4A26DF3F /* CardView.swift */,
				6C8F96D380AE3B69A4657DDF /* CompactPayTableView.swift */,
				A673BBD6C664E52E3B5BB191 /* DealtWinnerBanner.swift */,
				C47EF9D466BFBC97BC9F5EF6 /* GameSelectorView.swift */,
				8389B02C3EA6EE14EEA16970 /* PopularGameButton.swift */,
				D6C4F2F4C87F18E1A9F1E6D0 /* RatingPromptView.swift */,
				51F0BFEAE017C72DAE2C1EE1 /* Tour */,
			);
			path = Components;
			sourceTree = "<group>";
		};
		4E27A10EAFAC55ACD0647876 /* Views */ = {
			isa = PBXGroup;
			children = (
				ED1CA1E4BE4863E264CBD819 /* Analyzer */,
				09A8E21030412253693F96C6 /* Auth */,
				C10BD85A24F0C25F44D6170A /* Casino */,
				491B950A71CCE1A486C54D3F /* Components */,
				76CE35A070A852A7BF6BC5D8 /* Home */,
				3E0CC43D4B2B0193F402791C /* Mastery */,
				3CB602FA5FCCEEB1E0D72A8E /* Play */,
				887764B64C84D5964BA8DEE2 /* Quiz */,
				B2408DFC6C0CD35CD417E960 /* Settings */,
				A61B742B69F625FF226E99F6 /* Simulation */,
				043E6AD0E2E42453CD99108E /* Training */,
			);
			path = Views;
			sourceTree = "<group>";
		};
		51F0BFEAE017C72DAE2C1EE1 /* Tour */ = {
			isa = PBXGroup;
			children = (
				695178CEADA0760C85FD626F /* TourOverlayView.swift */,
				F3C5B45C7DC5EDFC38CF72CA /* TourTargetModifier.swift */,
				B630E82E6A09323E1CC6A9DE /* TourTooltipView.swift */,
			);
			path = Tour;
			sourceTree = "<group>";
		};
		618CFBFC52EBCA262656EDA2 /* Drills */ = {
			isa = PBXGroup;
			children = (
				58CB0E309001E55396A49100 /* DrillCompleteView.swift */,
				04844A700DD1740D38E2EEA7 /* DrillPlayView.swift */,
			);
			path = Drills;
			sourceTree = "<group>";
		};
		6C5E8398BB0A3A69139FAE5F /* VideoPokerAcademy */ = {
			isa = PBXGroup;
			children = (
				FD43B3D7AD070484BDDAE526 /* Assets.xcassets */,
				A5A27473CDF37F098DA2C385 /* Info.plist */,
				06E721E0AAC463C15947DBD8 /* VideoPokerAcademy.entitlements */,
				FA28BF981C8EEB0722AB9020 /* App */,
				1C06282D46062976F9109171 /* AppIntents */,
				06878DD427920AEFDA300085 /* Models */,
				AAD2F10E7ABD87773383B496 /* Resources */,
				D77C876A55B35FD7472E7B06 /* Services */,
				9ED6A4CA9784CE2AC70DBC22 /* Sounds */,
				B0EDE8DAE5F68441233DF4A1 /* ViewModels */,
				4E27A10EAFAC55ACD0647876 /* Views */,
			);
			path = VideoPokerAcademy;
			sourceTree = "<group>";
		};
		76CE35A070A852A7BF6BC5D8 /* Home */ = {
			isa = PBXGroup;
			children = (
				1B5BF5A4E3D463C7D9F244F9 /* HomeView.swift */,
			);
			path = Home;
			sourceTree = "<group>";
		};
		887764B64C84D5964BA8DEE2 /* Quiz */ = {
			isa = PBXGroup;
			children = (
				4674AAE04F2C550DE4674B49 /* QuizPlayView.swift */,
				E2A1A7FE15ED6DE1CCBACDFB /* QuizResultsView.swift */,
			);
			path = Quiz;
			sourceTree = "<group>";
		};
		8D0E60E69282CDFBC027226A /* Review */ = {
			isa = PBXGroup;
			children = (
				3140B0170FB1BDF34F61E5F8 /* ReviewQueueView.swift */,
			);
			path = Review;
			sourceTree = "<group>";
		};
		9ED6A4CA9784CE2AC70DBC22 /* Sounds */ = {
			isa = PBXGroup;
			children = (
				A3CA0409D50D835A3342502D /* big-win.mp3 */,
				435D1D6B99139BDC264FFD02 /* button-tap.mp3 */,
				01666312F25E6FEF9E4A12D6 /* card-flip.mp3 */,
				6DDC9161A74B5AECAD1FC235 /* card-select.mp3 */,
				98F5B531F0884E267C583CED /* coin-payout.mp3 */,
				C44C0D4E41B7DC093976157A /* correct.mp3 */,
				01336DB80608484C40DD1E4D /* dealt-winner.mp3 */,
				E4ED0C04709900D35DA5047C /* incorrect.mp3 */,
				6307EA07886E798392B296BB /* next-hand.mp3 */,
				7E08F3595F299121A7328097 /* quiz-complete.mp3 */,
				A2C245E7B30D707D5A0879EA /* submit.mp3 */,
			);
			path = Sounds;
			sourceTree = "<group>";
		};
		A61B742B69F625FF226E99F6 /* Simulation */ = {
			isa = PBXGroup;
			children = (
				C2D97248637802E1D8F286D7 /* SimulationContainerView.swift */,
				A39A8F517105392BAC40AB74 /* SimulationResultsView.swift */,
				DE7FBC018C0DC89FB51AD0B2 /* SimulationRunningView.swift */,
				011831B6B80976919A75F04D /* SimulationStartView.swift */,
			);
			path = Simulation;
			sourceTree = "<group>";
		};
		AAD2F10E7ABD87773383B496 /* Resources */ = {
			isa = PBXGroup;
			children = (
				6F344A9B558456C4B1E85527 /* strategy_bonus_poker_8_5.json */,
				5396FE3BB8E3650A6A443F66 /* strategy_deuces_wild_nsud.json.gz */,
				5466288ABB4693DDA0CD0795 /* strategy_deuces_wild_nsud.vpstrat2 */,
				3B46A2A5E6813351ED7C1329 /* strategy_double_bonus_10_7.vpstrat2 */,
				154D712E326A00177B4FE711 /* strategy_double_double_bonus_9_6.json.gz */,
				00BD1CADB282E91255F1B3B2 /* strategy_double_double_bonus_9_6.vpstrat2 */,
				DB3EA445C61C5B15EC6DCB12 /* strategy_jacks_or_better_9_6.json.gz */,
				F17EDA1FE70C854DEF79CCB0 /* strategy_jacks_or_better_9_6.vpstrat2 */,
				8A115FF11C8E1366E215658C /* strategy_triple_double_bonus_9_6.json.gz */,
				C6601DB9CB954ECA7B5D77A3 /* Lessons */,
			);
			path = Resources;
			sourceTree = "<group>";
		};
		B0EDE8DAE5F68441233DF4A1 /* ViewModels */ = {
			isa = PBXGroup;
			children = (
				6527D7465E271EF46688C0EE /* AnalyzerViewModel.swift */,
				22FC760A3A1295ED9600D8EC /* AuthViewModel.swift */,
				EADC4946BE3F992BAA87FCBC /* CasinoModeViewModel.swift */,
				B9126DA82F16427460806971 /* DrillViewModel.swift */,
				F8A94B38A9479BC5141B8392 /* LessonViewModel.swift */,
				DB4E63527AA41C202F9E69CB /* MasteryViewModel.swift */,
				4CAEB3689258109EA53DE58B /* PlayViewModel.swift */,
				AC3270A0FB1C69D905B46441 /* QuizViewModel.swift */,
				CD2E7E2776EAB7CAD9A4CA76 /* ReviewQueueViewModel.swift */,
				E10D2E88C22D7D578C4E01CC /* SimulationViewModel.swift */,
				B30C8681CDCFD847A79A6AF4 /* TrainingHubViewModel.swift */,
				9B3C4C6AC76626B632FF575D /* TrainingLessonListViewModel.swift */,
				F207D69A2F3A81734D6D31DF /* TrainingLessonQuizViewModel.swift */,
				9CB17BE906FCE69E9299ECAF /* UltimateXEVBenchmarkViewModel.swift */,
			);
			path = ViewModels;
			sourceTree = "<group>";
		};
		B2408DFC6C0CD35CD417E960 /* Settings */ = {
			isa = PBXGroup;
			children = (
				B593A4288FB55425DEC2B842 /* ChangePasswordView.swift */,
				F3ED162C69D560C063AC99EF /* EditProfileView.swift */,
				95A3BB5B4BBCF8B1C40798FE /* OfflineDataView.swift */,
				8931B86F921F98C5CC2FCAE6 /* SettingsView.swift */,
				FB0437103D05DE42B7E09A4F /* TourSettingsView.swift */,
				C6B98DD0915C0C5120E79D1A /* UltimateXEVBenchmarkView.swift */,
			);
			path = Settings;
			sourceTree = "<group>";
		};
		C10BD85A24F0C25F44D6170A /* Casino */ = {
			isa = PBXGroup;
			children = (
				ECE2C923F3715B4AF08DDDDE /* CasinoModeView.swift */,
				A4987021DE9F1994F59450E6 /* CasinoSetupView.swift */,
			);
			path = Casino;
			sourceTree = "<group>";
		};
		C5058A0828D6091C69E1B6A6 /* Products */ = {
			isa = PBXGroup;
			children = (
				A515D4EA182AAB3C46A8C562 /* VideoPokerAcademy.app */,
				C339F526E999271A6AB1C4F5 /* VideoPokerAcademyTests.xctest */,
			);
			name = Products;
			sourceTree = "<group>";
		};
		C6601DB9CB954ECA7B5D77A3 /* Lessons */ = {
			isa = PBXGroup;
			children = (
				206DD93CFF04FC4FB7C07088 /* job-high-cards.json */,
				2D36054A6EE20D406B54987D /* job-made-hands.json */,
				17D72D119A83717900966B90 /* job-penalty-cards.json */,
			);
			path = Lessons;
			sourceTree = "<group>";
		};
		D77C876A55B35FD7472E7B06 /* Services */ = {
			isa = PBXGroup;
			children = (
				8AFBF0BB36C9BC8ED2080DD3 /* AudioService.swift */,
				DE6F790FB44A92186B80B397 /* BinaryStrategyStoreV2.swift */,
				C2C339B4FC1F8126AC431E42 /* CardParser.swift */,
				DF2171D8966579AC447912EA /* CertificatePinning.swift */,
				B6DCBF01A6962E993279B541 /* DebugLog.swift */,
				477D78B1353F5D8FEBC3AF98 /* HandEvaluator.swift */,
				6002F3C49DEAB543783F3190 /* HapticService.swift */,
				7D47240DF972E7B9A4903C18 /* HoldOutcomeCalculator.swift */,
				8E6AC0A86CC9410293EB55DD /* EKTableGenerator.swift */,
				9185EC480DFA6023916C3B3F /* NetworkMonitor.swift */,
				0A964A0B68AD28F50ACAB678 /* PendingAttemptsStore.swift */,
				EE32A1B55910EF4A43FD68E8 /* RatingPromptService.swift */,
				FDEE001BA9FF6B423496F786 /* ResponseFormatter.swift */,
				B88B78742FE59734AB407E71 /* ReviewQueueService.swift */,
				1258C0711E182E5098C1D488 /* SpacedRepetitionService.swift */,
				F04525B2E15AA871EF2EB9FD /* SpeechSynthesisService.swift */,
				CCD563F6C3B8CF399F50F9CF /* StrategyLookupService.swift */,
				58AC4B2DA7F08BDC34197904 /* StrategyService.swift */,
				B036DE4CF05931A93835ADA2 /* SupabaseService.swift */,
				FF1B3E98E1407F5E2DEAD95C /* SyncService.swift */,
				B539083EE48B03949D2883BC /* TourManager.swift */,
				070DAE9C15127D9377416569 /* TrainingService.swift */,
				0F22E12DF15A4B41EEE98BF9 /* UltimateXStrategyService.swift */,
				9A4B54C283367FC285DD47FF /* UserDataSyncService.swift */,
				0DAEAA73EE9A5F3B4DA9D275 /* VoiceService.swift */,
			);
			path = Services;
			sourceTree = "<group>";
		};
		ED1CA1E4BE4863E264CBD819 /* Analyzer */ = {
			isa = PBXGroup;
			children = (
				FD95619B564F1912B0DB27E7 /* HandAnalyzerView.swift */,
				D28FE906D02246218C8EE340 /* AnalyzerStartView.swift */,
			);
			path = Analyzer;
			sourceTree = "<group>";
		};
		FA28BF981C8EEB0722AB9020 /* App */ = {
			isa = PBXGroup;
			children = (
				20024946FAB9047C3F46731E /* VideoPokerAcademyApp.swift */,
			);
			path = App;
			sourceTree = "<group>";
		};
		FEE264B8BDA246AB1AEAA581 /* VideoPokerAcademyTests */ = {
			isa = PBXGroup;
			children = (
				AF8635E8A809316C73C51A4D /* AudioServiceSuspendTests.swift */,
				687C53C93A6E49EAAEA13B9D /* CardJokerTests.swift */,
				E122D7986196771F738D2656 /* CardParserTests.swift */,
				0EADD77F2965DB7E7B82D60E /* CasinoModeViewModelTests.swift */,
				48012F087B9F057F5D29098A /* HandEvaluatorTests.swift */,
				CC33DD44EE55FF66778899AB /* HandWWWTests.swift */,
				3E703C8F2929345AAD856519 /* HoldOutcomeCalculatorTests.swift */,
				FB91F54C372566A26093CE2C /* RatingPromptServiceTests.swift */,
				36DDAACDD282E4126C8E73CC /* ResponseFormatterTests.swift */,
				FED9B359475EA57DDD008492 /* SpeechSynthesisServiceTests.swift */,
				9D694C0DDBBC4FACA4543603 /* UltimateXEKTableTests.swift */,
				9F62D765B4396467ADCF3478 /* UltimateXStrategyServiceTests.swift */,
				2514F49F380F49DEAC52EDBD /* UltimateXPlayModeTests.swift */,
				B1C2D3E4F5067182930A4B5D /* UltimateXQuizTests.swift */,
			D3E4F5A6B7C80920415B6C7E /* UltimateXSimulationTests.swift */,
			E4F5A6B7C80920415B6C7E00 /* UXSimulationStatsTests.swift */,
			A74BA337321B74B9C1E403A4 /* VoiceServiceTests.swift */,
				BB22CC33DD44EE55FF667789 /* WildWildWildModelsTests.swift */,
				DD44EE55FF66778899AABB01 /* PlayViewModelWWWTests.swift */,
			);
			path = VideoPokerAcademyTests;
			sourceTree = "<group>";
		};
/* End PBXGroup section */

/* Begin PBXNativeTarget section */
		9008CB59B0CC4BD7551CD3CF /* VideoPokerAcademy */ = {
			isa = PBXNativeTarget;
			buildConfigurationList = 2C1EBF317810A2AF3850600A /* Build configuration list for PBXNativeTarget "VideoPokerAcademy" */;
			buildPhases = (
				C02C261157B52B622548317A /* Sources */,
				5019B39784479A955EFB6E1C /* Resources */,
				24CBB88D4AE28BBCA4893CF7 /* Frameworks */,
			);
			buildRules = (
			);
			dependencies = (
			);
			name = VideoPokerAcademy;
			packageProductDependencies = (
				1E518AB2432F83AD56457390 /* Supabase */,
				C44E2F5116E562586503D69B /* Sentry */,
			);
			productName = VideoPokerAcademy;
			productReference = A515D4EA182AAB3C46A8C562 /* VideoPokerAcademy.app */;
			productType = "com.apple.product-type.application";
		};
		C6582EAFDE5D88405D42B5ED /* VideoPokerAcademyTests */ = {
			isa = PBXNativeTarget;
			buildConfigurationList = 649D9A2B1C901026E8A01513 /* Build configuration list for PBXNativeTarget "VideoPokerAcademyTests" */;
			buildPhases = (
				05C10D20DAC67FC5C8B5C6F8 /* Sources */,
			);
			buildRules = (
			);
			dependencies = (
				1F43B85FDFF3929FC650BF25 /* PBXTargetDependency */,
			);
			name = VideoPokerAcademyTests;
			packageProductDependencies = (
			);
			productName = VideoPokerAcademyTests;
			productReference = C339F526E999271A6AB1C4F5 /* VideoPokerAcademyTests.xctest */;
			productType = "com.apple.product-type.bundle.unit-test";
		};
/* End PBXNativeTarget section */

/* Begin PBXProject section */
		213AAD3754CFA7AFCF711ED0 /* Project object */ = {
			isa = PBXProject;
			attributes = {
				BuildIndependentTargetsInParallel = YES;
				LastUpgradeCheck = 1500;
				TargetAttributes = {
					9008CB59B0CC4BD7551CD3CF = {
						ProvisioningStyle = Automatic;
					};
				};
			};
			buildConfigurationList = 4F8E69F18DE8D13D8957708E /* Build configuration list for PBXProject "VideoPokerAcademy" */;
			compatibilityVersion = "Xcode 14.0";
			developmentRegion = en;
			hasScannedForEncodings = 0;
			knownRegions = (
				Base,
				en,
			);
			mainGroup = 3CC5BDA8DB80865697E9CBC5;
			minimizedProjectReferenceProxies = 1;
			packageReferences = (
				D642284A5A791C683296D75C /* XCRemoteSwiftPackageReference "sentry-cocoa" */,
				4EC5C0A1098F279860C43677 /* XCRemoteSwiftPackageReference "supabase-swift" */,
			);
			projectDirPath = "";
			projectRoot = "";
			targets = (
				9008CB59B0CC4BD7551CD3CF /* VideoPokerAcademy */,
				C6582EAFDE5D88405D42B5ED /* VideoPokerAcademyTests */,
			);
		};
/* End PBXProject section */

/* Begin PBXResourcesBuildPhase section */
		5019B39784479A955EFB6E1C /* Resources */ = {
			isa = PBXResourcesBuildPhase;
			buildActionMask = 2147483647;
			files = (
				0D3FC3BF3A65F389FBEA8AC2 /* Assets.xcassets in Resources */,
				D9F9E7B329D59807D9407120 /* big-win.mp3 in Resources */,
				4C39ED563E277E683C976B45 /* button-tap.mp3 in Resources */,
				AE1695528893B4D52A9EBFF4 /* card-flip.mp3 in Resources */,
				4900B223672085A45D5E70A1 /* card-select.mp3 in Resources */,
				51CBCC0F8C23CFBD0D76D5D4 /* coin-payout.mp3 in Resources */,
				81E38E61CA165E4E759F7418 /* correct.mp3 in Resources */,
				F240F12A6D999646A56984D9 /* dealt-winner.mp3 in Resources */,
				96545F05BFE62DEE07720176 /* incorrect.mp3 in Resources */,
				807132E4863B126FFF5BC2E6 /* job-high-cards.json in Resources */,
				690CA3D06D89501F6A98D8E4 /* job-made-hands.json in Resources */,
				F0B81B367A60D0225030C752 /* job-penalty-cards.json in Resources */,
				D79994266A5C67BEEABAFBA2 /* next-hand.mp3 in Resources */,
				987C9C647870AA3E016A056D /* quiz-complete.mp3 in Resources */,
				29231BE1D31D2CDB1820DA76 /* strategy_bonus_poker_8_5.json in Resources */,
				D21EDB65179D90204EBA5B8D /* strategy_deuces_wild_nsud.json.gz in Resources */,
				A0CD46E5C148763CA36F5B74 /* strategy_deuces_wild_nsud.vpstrat2 in Resources */,
				5E569342FB6F6B871CC2EE40 /* strategy_double_bonus_10_7.vpstrat2 in Resources */,
				02A44A06CB436A24C4B9837D /* strategy_double_double_bonus_9_6.json.gz in Resources */,
				4BAD5C3FB26F98EDB520F6BE /* strategy_double_double_bonus_9_6.vpstrat2 in Resources */,
				359AD3F839B1626C8C18984E /* strategy_jacks_or_better_9_6.json.gz in Resources */,
				71CEA7C820E115BAE216CBEC /* strategy_jacks_or_better_9_6.vpstrat2 in Resources */,
				6932FF5164A7703C8286CFF3 /* strategy_triple_double_bonus_9_6.json.gz in Resources */,
				88C63684212961CE7E2B47BF /* submit.mp3 in Resources */,
			);
			runOnlyForDeploymentPostprocessing = 0;
		};
/* End PBXResourcesBuildPhase section */

/* Begin PBXSourcesBuildPhase section */
		05C10D20DAC67FC5C8B5C6F8 /* Sources */ = {
			isa = PBXSourcesBuildPhase;
			buildActionMask = 2147483647;
			files = (
				3155C4163E601DEF9FE3DE5B /* AudioServiceSuspendTests.swift in Sources */,
				BD03FC58D2914DA1B2658D9B /* CardJokerTests.swift in Sources */,
				D6674ECAAFC321928364B0DC /* CardParserTests.swift in Sources */,
				22FFD9C0441D50B198CE0E85 /* CasinoModeViewModelTests.swift in Sources */,
				25008CE2024C3C7BF74ECB32 /* HandEvaluatorTests.swift in Sources */,
				CC33DD44EE55FF66778899AA /* HandWWWTests.swift in Sources */,
				0050B21299356E4FB3A2751C /* HoldOutcomeCalculatorTests.swift in Sources */,
				0D34973C733A0689B3E31F0A /* RatingPromptServiceTests.swift in Sources */,
				C0F65BDF3B126780280F28C1 /* ResponseFormatterTests.swift in Sources */,
				144F976FD7BBFF5F7E9B959C /* SpeechSynthesisServiceTests.swift in Sources */,
				8720FF5D6D5648168660707E /* UltimateXEKTableTests.swift in Sources */,
				7C313BD7433D064BEE34C358 /* UltimateXStrategyServiceTests.swift in Sources */,
				D8EB5726E611400B977771C1 /* UltimateXPlayModeTests.swift in Sources */,
				A1B2C3D4E5F60718293A4B5C /* UltimateXQuizTests.swift in Sources */,
			C2D3E4F5A6B70819304A5B6D /* UltimateXSimulationTests.swift in Sources */,
			D3E4F5A6B7C80920415B6C7F /* UXSimulationStatsTests.swift in Sources */,
			698DDD3FA6BAA41CE5361936 /* VoiceServiceTests.swift in Sources */,
				BB22CC33DD44EE55FF667788 /* WildWildWildModelsTests.swift in Sources */,
				DD44EE55FF66778899AABB00 /* PlayViewModelWWWTests.swift in Sources */,
			);
			runOnlyForDeploymentPostprocessing = 0;
		};
		C02C261157B52B622548317A /* Sources */ = {
			isa = PBXSourcesBuildPhase;
			buildActionMask = 2147483647;
			files = (
				E54C28B923E0BDEF841949ED /* AnalyzerViewModel.swift in Sources */,
				A749936E510BC6E6D3FDE7B8 /* AppTheme.swift in Sources */,
				50262034A1A179BB9FB3D2EC /* AudioService.swift in Sources */,
				3F4582B91F313CAB57D27805 /* AuthView.swift in Sources */,
				8C16BD688D36AFB8B62262AD /* AuthViewModel.swift in Sources */,
				3B428D7C617D2DD10638AB1C /* BinaryStrategyStoreV2.swift in Sources */,
				E6FEA6DC40C24EB0C3224CEF /* Card.swift in Sources */,
				99A63C73626C735A01699414 /* CardGlowEffect.swift in Sources */,
				C45D8F1BBF9CEEC515EA1787 /* GameInfoSheet.swift in Sources */,
				BB553A07D2A089D9D4E76E8F /* CardParser.swift in Sources */,
				3A5A83E12D6DE13F44E7FFE0 /* CardView.swift in Sources */,
				A28AFD2E6D4235F45C93697A /* CasinoModeView.swift in Sources */,
				07ADCC6C08E707475F4E0F38 /* CasinoModeViewModel.swift in Sources */,
				F13F830AF67D078202C1C8C8 /* CasinoSetupView.swift in Sources */,
				E472B63D18681AC8292366F5 /* CertificatePinning.swift in Sources */,
				9329B743FFF61D5C81ED6203 /* ChangePasswordView.swift in Sources */,
				EF2CFEC82F084C6A0E86C4B0 /* CompactPayTableView.swift in Sources */,
				0601943D840F0D365BD152E4 /* CourseCompletionCelebrationView.swift in Sources */,
				EE043845737DAE1D4FDC12C1 /* DealtWinnerBanner.swift in Sources */,
				6DD2CBA5C511B2726E17C752 /* DebugLog.swift in Sources */,
				9E681CA9243B71BB4ADE1394 /* Drill.swift in Sources */,
				2FADF3DB73B2A1DE12CA2574 /* DrillCompleteView.swift in Sources */,
				A854F16DF348BC9DC0B9CAAB /* DrillPlayView.swift in Sources */,
				7F5EC919720B0434C3ED5388 /* DrillViewModel.swift in Sources */,
				BD934C40F312D86CF2F204E3 /* EditProfileView.swift in Sources */,
				43E47AB1E1ED9418C41538F0 /* ForgotPasswordView.swift in Sources */,
				4D5D82FAEE1B0EB1F3F91839 /* GameFamily.swift in Sources */,
				6D3CFC2FC7702EA266B4AA3C /* GameSelectorView.swift in Sources */,
				757AF95FBD6D36D570D42A0F /* Hand.swift in Sources */,
				71B37C150971DA2E0D4CF7EB /* HandAnalyzerView.swift in Sources */,
				D5AAE0D75CE04121BB2359DA /* AnalyzerStartView.swift in Sources */,
				E0E0CFF562A4350BB0017A06 /* HandCategory.swift in Sources */,
				384884ACA8310839577029A6 /* HandEvaluator.swift in Sources */,
				BBBBCB929328B549BBD651C4 /* HapticService.swift in Sources */,
				2E4E392C66855F3F2D6C6D74 /* HoldOutcomeCalculator.swift in Sources */,
				9FBB15FAD0974934BA0D073D /* EKTableGenerator.swift in Sources */,
				49C472234B92C6F7803967BA /* HomeView.swift in Sources */,
				A8218BB889F7303C0FC0A260 /* HundredPlayTallyView.swift in Sources */,
				CE03BDB4CCD6189B5E359552 /* Lesson.swift in Sources */,
				867227DE595E2A6F7BA97E68 /* LessonCompleteView.swift in Sources */,
				B08D0C078F29A21F8260A4DF /* LessonDetailView.swift in Sources */,
				F83B474784572370CC3A274B /* LessonQuizView.swift in Sources */,
				880B94129EFB7245EBEFA538 /* LessonViewModel.swift in Sources */,
				1EAE0F76B4BE2A1442E2292D /* MasteryDashboardView.swift in Sources */,
				1EEF78287BAFB25E4E1CF187 /* MasteryScore.swift in Sources */,
				BDD5306B99A74896E434CB94 /* MasteryViewModel.swift in Sources */,
				A67B2EA41582D08E9C6E5E0E /* MiniCardView.swift in Sources */,
				13A48A9BC71835D5A990F7BC /* MiniHandView.swift in Sources */,
				2758C786DA69D37C5A02FE1A /* MultiHandGrid.swift in Sources */,
				58B9DCD74F66F2B70DEB9B4D /* NetworkMonitor.swift in Sources */,
				F53C79B9350F1FFE402037AF /* OfflineDataView.swift in Sources */,
				B2F1C28C6CAAE17C84B5FA29 /* PayTable.swift in Sources */,
				5E4C4E3C2358DDA6483D8AA5 /* PayTableData.swift in Sources */,
				DC33F15EF1FB2AEE97D99FF2 /* WWWPayTableData.swift in Sources */,
				1C1CDCD801C4668B440B5803 /* PendingAttemptsStore.swift in Sources */,
				FDBE359F3B9E83614F1633FD /* PlayModels.swift in Sources */,
				57355753AD255936E1F55327 /* PlayStartView.swift in Sources */,
				4FDF9E178DCF26881649C951 /* PlayView.swift in Sources */,
				A6D6E513561625FA68D6ACD5 /* PlayViewModel.swift in Sources */,
				07AC6B1CAE6D4AC0136E29DC /* UltimateXStrategyPanel.swift in Sources */,
				C63D7E6C4FB887AE4E87B5E9 /* PopularGameButton.swift in Sources */,
				4E482B2E9DFF76ECD760F8C6 /* QuizPlayView.swift in Sources */,
				0F2840AA831DD4E1984AB0D6 /* QuizResultsView.swift in Sources */,
				92231833E7DE10BBE5C3F45A /* QuizViewModel.swift in Sources */,
				DB279349160B2A21879D5C9C /* RatingPromptService.swift in Sources */,
				2DAF76EC58BF5E995922E761 /* RatingPromptView.swift in Sources */,
				2A7838060FFE53454673F542 /* ResetPasswordView.swift in Sources */,
				214DB6976DFF15C841EF6A66 /* ResponseFormatter.swift in Sources */,
				F78B6D7A95BAFD16E73CFDBF /* ReviewItem.swift in Sources */,
				F24D496317EFEB0937B8D5F8 /* ReviewQueueService.swift in Sources */,
				C58177A21484ADFF32A5188B /* ReviewQueueView.swift in Sources */,
				BEAFC9F64D28638264FDA279 /* ReviewQueueViewModel.swift in Sources */,
				F78513EF56E8A3BD94982702 /* SettingsView.swift in Sources */,
				87986968FFD780593C1DAB99 /* SimulationContainerView.swift in Sources */,
				100D88B5114F70FF4F74B865 /* SimulationModels.swift in Sources */,
				854A8B5D9D8D39A131C84BBB /* SimulationResultsView.swift in Sources */,
				8D80818C4BD17F8B976090FF /* SimulationRunningView.swift in Sources */,
				B1E22112AEDAC053169FAC09 /* SimulationStartView.swift in Sources */,
				96E819065C6771C1DA8F82EE /* SimulationViewModel.swift in Sources */,
				A637DABFD3A1E9EC89E2712F /* SpacedRepetitionService.swift in Sources */,
				2CAE0D27C787B609B2CFD9BA /* SpeechSynthesisService.swift in Sources */,
				55F6EE9954F73A97B25A6FF5 /* StartCasinoListeningIntent.swift in Sources */,
				D12B42C22299B1AD05F294CB /* StrategyLookupService.swift in Sources */,
				C973F0E19CE60BA28ABF7B49 /* StrategyService.swift in Sources */,
				34A98D3B0D9518FC561FFEFE /* SupabaseService.swift in Sources */,
				C5E9C85AD8080AEE517B82F2 /* SyncService.swift in Sources */,
				15F2727D8D56BB79B7BCEAA5 /* Tour.swift in Sources */,
				368151B2891BAA5279D72DFB /* TourContent.swift in Sources */,
				F84AC56C5CF1FBCB1EA47F55 /* TourManager.swift in Sources */,
				DDEE4E1AB55F03AF27D29480 /* TourOverlayView.swift in Sources */,
				2EEBB332A828993A4A49EB4E /* TourSettingsView.swift in Sources */,
				4332B78A61E49C0D41F4CCFE /* TourTargetModifier.swift in Sources */,
				954B5F59CAF84446726EE5BC /* TourTooltipView.swift in Sources */,
				7C1E8ACD1472D4075600F7EF /* TrainingExplanationView.swift in Sources */,
				7F60C5344AA2E133B98D4FD4 /* TrainingGameSelectorView.swift in Sources */,
				D02B6B5CA970F4489167F6F3 /* TrainingHubView.swift in Sources */,
				996FA0D13E2FEDD300776CEF /* TrainingHubViewModel.swift in Sources */,
				532ED367C50F0D33B428BCBC /* TrainingLesson.swift in Sources */,
				8ACA9543DF20D657B18BCCB5 /* TrainingLessonContentView.swift in Sources */,
				7E68A7C759057CA8CA64AE95 /* TrainingLessonData.swift in Sources */,
				A93A73E861C1AC2FF428BC1B /* TrainingLessonListView.swift in Sources */,
				E4E0982F09D8D35A59A39C1E /* TrainingLessonListViewModel.swift in Sources */,
				F3A9BDAC7AE3F7D7B4A69870 /* TrainingLessonQuizView.swift in Sources */,
				AF79A89A9C8558D4569205E7 /* TrainingLessonQuizViewModel.swift in Sources */,
				F672F15D4509DB1C8BC19983 /* TrainingLessonResultsView.swift in Sources */,
				6056B217B5591AB68B8C7792 /* TrainingService.swift in Sources */,
				C55EBC5DE0F14628C56B5763 /* UltimateXEVBenchmarkView.swift in Sources */,
				4B6BFE7C5F090B8501EEF9A1 /* UltimateXEVBenchmarkViewModel.swift in Sources */,
				76EE0E0A52404AD3948148EB /* UltimateXEKTable.swift in Sources */,
			DBA37BC532D1656848592981 /* UltimateXModels.swift in Sources */,
				AA11BB22CC33DD44EE55FF66 /* WildWildWildModels.swift in Sources */,
				63DC6FD81016C70566283225 /* UltimateXStrategyService.swift in Sources */,
				AD4215AF81B26245E14C6917 /* UserDataSyncService.swift in Sources */,
				40842D36CE4D12F3060C9E0A /* VideoPokerAcademyApp.swift in Sources */,
				7B9C0BF5AB9C84D0B85391B7 /* VoiceService.swift in Sources */,
				801D89B8BB9377AF83B15EBF /* WelcomeView.swift in Sources */,
			);
			runOnlyForDeploymentPostprocessing = 0;
		};
/* End PBXSourcesBuildPhase section */

/* Begin PBXTargetDependency section */
		1F43B85FDFF3929FC650BF25 /* PBXTargetDependency */ = {
			isa = PBXTargetDependency;
			target = 9008CB59B0CC4BD7551CD3CF /* VideoPokerAcademy */;
			targetProxy = F1A9F05C51A8B682481D7E63 /* PBXContainerItemProxy */;
		};
/* End PBXTargetDependency section */

/* Begin XCBuildConfiguration section */
		255B488D8BF740B7726EC6DF /* Debug */ = {
			isa = XCBuildConfiguration;
			buildSettings = {
				ASSETCATALOG_COMPILER_APPICON_NAME = AppIcon;
				CODE_SIGN_ENTITLEMENTS = VideoPokerAcademy/VideoPokerAcademy.entitlements;
				CODE_SIGN_IDENTITY = "iPhone Developer";
				CODE_SIGN_STYLE = Automatic;
				CURRENT_PROJECT_VERSION = 10;
				DEVELOPMENT_TEAM = LDPWY39U2R;
				INFOPLIST_FILE = VideoPokerAcademy/Info.plist;
				LD_RUNPATH_SEARCH_PATHS = (
					"$(inherited)",
					"@executable_path/Frameworks",
				);
				MARKETING_VERSION = 1.0.6;
				PRODUCT_BUNDLE_IDENTIFIER = com.thoughtfulorg.vpacademy;
				SDKROOT = iphoneos;
				SWIFT_VERSION = 5.0;
				TARGETED_DEVICE_FAMILY = 1;
			};
			name = Debug;
		};
		3F151153B4C61B558DD05FE0 /* Debug */ = {
			isa = XCBuildConfiguration;
			buildSettings = {
				BUNDLE_LOADER = "$(TEST_HOST)";
				GENERATE_INFOPLIST_FILE = YES;
				LD_RUNPATH_SEARCH_PATHS = (
					"$(inherited)",
					"@executable_path/Frameworks",
					"@loader_path/Frameworks",
				);
				PRODUCT_BUNDLE_IDENTIFIER = com.thoughtfulorg.vpacademy.tests;
				SDKROOT = iphoneos;
				SWIFT_VERSION = 5.0;
				TARGETED_DEVICE_FAMILY = "1,2";
				TEST_HOST = "$(BUILT_PRODUCTS_DIR)/VideoPokerAcademy.app/VideoPokerAcademy";
			};
			name = Debug;
		};
		486DEA4CDE2D924F03BC7F59 /* Release */ = {
			isa = XCBuildConfiguration;
			buildSettings = {
				ASSETCATALOG_COMPILER_APPICON_NAME = AppIcon;
				CODE_SIGN_ENTITLEMENTS = VideoPokerAcademy/VideoPokerAcademy.entitlements;
				CODE_SIGN_IDENTITY = "iPhone Developer";
				CODE_SIGN_STYLE = Automatic;
				CURRENT_PROJECT_VERSION = 10;
				DEVELOPMENT_TEAM = LDPWY39U2R;
				INFOPLIST_FILE = VideoPokerAcademy/Info.plist;
				LD_RUNPATH_SEARCH_PATHS = (
					"$(inherited)",
					"@executable_path/Frameworks",
				);
				MARKETING_VERSION = 1.0.6;
				PRODUCT_BUNDLE_IDENTIFIER = com.thoughtfulorg.vpacademy;
				SDKROOT = iphoneos;
				SWIFT_VERSION = 5.0;
				TARGETED_DEVICE_FAMILY = 1;
			};
			name = Release;
		};
		5AAEF8BD1938EAFBB676599B /* Debug */ = {
			isa = XCBuildConfiguration;
			buildSettings = {
				ALWAYS_SEARCH_USER_PATHS = NO;
				CLANG_ANALYZER_NONNULL = YES;
				CLANG_ANALYZER_NUMBER_OBJECT_CONVERSION = YES_AGGRESSIVE;
				CLANG_CXX_LANGUAGE_STANDARD = "gnu++14";
				CLANG_CXX_LIBRARY = "libc++";
				CLANG_ENABLE_MODULES = YES;
				CLANG_ENABLE_OBJC_ARC = YES;
				CLANG_ENABLE_OBJC_WEAK = YES;
				CLANG_WARN_BLOCK_CAPTURE_AUTORELEASING = YES;
				CLANG_WARN_BOOL_CONVERSION = YES;
				CLANG_WARN_COMMA = YES;
				CLANG_WARN_CONSTANT_CONVERSION = YES;
				CLANG_WARN_DEPRECATED_OBJC_IMPLEMENTATIONS = YES;
				CLANG_WARN_DIRECT_OBJC_ISA_USAGE = YES_ERROR;
				CLANG_WARN_DOCUMENTATION_COMMENTS = YES;
				CLANG_WARN_EMPTY_BODY = YES;
				CLANG_WARN_ENUM_CONVERSION = YES;
				CLANG_WARN_INFINITE_RECURSION = YES;
				CLANG_WARN_INT_CONVERSION = YES;
				CLANG_WARN_NON_LITERAL_NULL_CONVERSION = YES;
				CLANG_WARN_OBJC_IMPLICIT_RETAIN_SELF = YES;
				CLANG_WARN_OBJC_LITERAL_CONVERSION = YES;
				CLANG_WARN_OBJC_ROOT_CLASS = YES_ERROR;
				CLANG_WARN_QUOTED_INCLUDE_IN_FRAMEWORK_HEADER = YES;
				CLANG_WARN_RANGE_LOOP_ANALYSIS = YES;
				CLANG_WARN_STRICT_PROTOTYPES = YES;
				CLANG_WARN_SUSPICIOUS_MOVE = YES;
				CLANG_WARN_UNGUARDED_AVAILABILITY = YES_AGGRESSIVE;
				CLANG_WARN_UNREACHABLE_CODE = YES;
				CLANG_WARN__DUPLICATE_METHOD_MATCH = YES;
				COPY_PHASE_STRIP = NO;
				DEBUG_INFORMATION_FORMAT = dwarf;
				ENABLE_STRICT_OBJC_MSGSEND = YES;
				ENABLE_TESTABILITY = YES;
				GCC_C_LANGUAGE_STANDARD = gnu11;
				GCC_DYNAMIC_NO_PIC = NO;
				GCC_NO_COMMON_BLOCKS = YES;
				GCC_OPTIMIZATION_LEVEL = 0;
				GCC_PREPROCESSOR_DEFINITIONS = (
					"$(inherited)",
					"DEBUG=1",
				);
				GCC_WARN_64_TO_32_BIT_CONVERSION = YES;
				GCC_WARN_ABOUT_RETURN_TYPE = YES_ERROR;
				GCC_WARN_UNDECLARED_SELECTOR = YES;
				GCC_WARN_UNINITIALIZED_AUTOS = YES_AGGRESSIVE;
				GCC_WARN_UNUSED_FUNCTION = YES;
				GCC_WARN_UNUSED_VARIABLE = YES;
				IPHONEOS_DEPLOYMENT_TARGET = 17.0;
				MTL_ENABLE_DEBUG_INFO = INCLUDE_SOURCE;
				MTL_FAST_MATH = YES;
				ONLY_ACTIVE_ARCH = YES;
				PRODUCT_NAME = "$(TARGET_NAME)";
				SDKROOT = iphoneos;
				SWIFT_ACTIVE_COMPILATION_CONDITIONS = DEBUG;
				SWIFT_OPTIMIZATION_LEVEL = "-Onone";
				SWIFT_VERSION = 5.0;
			};
			name = Debug;
		};
		B5FCB1E42DE83C8E6485860A /* Release */ = {
			isa = XCBuildConfiguration;
			buildSettings = {
				BUNDLE_LOADER = "$(TEST_HOST)";
				GENERATE_INFOPLIST_FILE = YES;
				LD_RUNPATH_SEARCH_PATHS = (
					"$(inherited)",
					"@executable_path/Frameworks",
					"@loader_path/Frameworks",
				);
				PRODUCT_BUNDLE_IDENTIFIER = com.thoughtfulorg.vpacademy.tests;
				SDKROOT = iphoneos;
				SWIFT_VERSION = 5.0;
				TARGETED_DEVICE_FAMILY = "1,2";
				TEST_HOST = "$(BUILT_PRODUCTS_DIR)/VideoPokerAcademy.app/VideoPokerAcademy";
			};
			name = Release;
		};
		F953133323016BE42D6F9DFE /* Release */ = {
			isa = XCBuildConfiguration;
			buildSettings = {
				ALWAYS_SEARCH_USER_PATHS = NO;
				CLANG_ANALYZER_NONNULL = YES;
				CLANG_ANALYZER_NUMBER_OBJECT_CONVERSION = YES_AGGRESSIVE;
				CLANG_CXX_LANGUAGE_STANDARD = "gnu++14";
				CLANG_CXX_LIBRARY = "libc++";
				CLANG_ENABLE_MODULES = YES;
				CLANG_ENABLE_OBJC_ARC = YES;
				CLANG_ENABLE_OBJC_WEAK = YES;
				CLANG_WARN_BLOCK_CAPTURE_AUTORELEASING = YES;
				CLANG_WARN_BOOL_CONVERSION = YES;
				CLANG_WARN_COMMA = YES;
				CLANG_WARN_CONSTANT_CONVERSION = YES;
				CLANG_WARN_DEPRECATED_OBJC_IMPLEMENTATIONS = YES;
				CLANG_WARN_DIRECT_OBJC_ISA_USAGE = YES_ERROR;
				CLANG_WARN_DOCUMENTATION_COMMENTS = YES;
				CLANG_WARN_EMPTY_BODY = YES;
				CLANG_WARN_ENUM_CONVERSION = YES;
				CLANG_WARN_INFINITE_RECURSION = YES;
				CLANG_WARN_INT_CONVERSION = YES;
				CLANG_WARN_NON_LITERAL_NULL_CONVERSION = YES;
				CLANG_WARN_OBJC_IMPLICIT_RETAIN_SELF = YES;
				CLANG_WARN_OBJC_LITERAL_CONVERSION = YES;
				CLANG_WARN_OBJC_ROOT_CLASS = YES_ERROR;
				CLANG_WARN_QUOTED_INCLUDE_IN_FRAMEWORK_HEADER = YES;
				CLANG_WARN_RANGE_LOOP_ANALYSIS = YES;
				CLANG_WARN_STRICT_PROTOTYPES = YES;
				CLANG_WARN_SUSPICIOUS_MOVE = YES;
				CLANG_WARN_UNGUARDED_AVAILABILITY = YES_AGGRESSIVE;
				CLANG_WARN_UNREACHABLE_CODE = YES;
				CLANG_WARN__DUPLICATE_METHOD_MATCH = YES;
				COPY_PHASE_STRIP = NO;
				DEBUG_INFORMATION_FORMAT = "dwarf-with-dsym";
				ENABLE_NS_ASSERTIONS = NO;
				ENABLE_STRICT_OBJC_MSGSEND = YES;
				GCC_C_LANGUAGE_STANDARD = gnu11;
				GCC_NO_COMMON_BLOCKS = YES;
				GCC_WARN_64_TO_32_BIT_CONVERSION = YES;
				GCC_WARN_ABOUT_RETURN_TYPE = YES_ERROR;
				GCC_WARN_UNDECLARED_SELECTOR = YES;
				GCC_WARN_UNINITIALIZED_AUTOS = YES_AGGRESSIVE;
				GCC_WARN_UNUSED_FUNCTION = YES;
				GCC_WARN_UNUSED_VARIABLE = YES;
				IPHONEOS_DEPLOYMENT_TARGET = 17.0;
				MTL_ENABLE_DEBUG_INFO = NO;
				MTL_FAST_MATH = YES;
				PRODUCT_NAME = "$(TARGET_NAME)";
				SDKROOT = iphoneos;
				SWIFT_COMPILATION_MODE = wholemodule;
				SWIFT_OPTIMIZATION_LEVEL = "-O";
				SWIFT_VERSION = 5.0;
			};
			name = Release;
		};
/* End XCBuildConfiguration section */

/* Begin XCConfigurationList section */
		2C1EBF317810A2AF3850600A /* Build configuration list for PBXNativeTarget "VideoPokerAcademy" */ = {
			isa = XCConfigurationList;
			buildConfigurations = (
				255B488D8BF740B7726EC6DF /* Debug */,
				486DEA4CDE2D924F03BC7F59 /* Release */,
			);
			defaultConfigurationIsVisible = 0;
			defaultConfigurationName = Debug;
		};
		4F8E69F18DE8D13D8957708E /* Build configuration list for PBXProject "VideoPokerAcademy" */ = {
			isa = XCConfigurationList;
			buildConfigurations = (
				5AAEF8BD1938EAFBB676599B /* Debug */,
				F953133323016BE42D6F9DFE /* Release */,
			);
			defaultConfigurationIsVisible = 0;
			defaultConfigurationName = Debug;
		};
		649D9A2B1C901026E8A01513 /* Build configuration list for PBXNativeTarget "VideoPokerAcademyTests" */ = {
			isa = XCConfigurationList;
			buildConfigurations = (
				3F151153B4C61B558DD05FE0 /* Debug */,
				B5FCB1E42DE83C8E6485860A /* Release */,
			);
			defaultConfigurationIsVisible = 0;
			defaultConfigurationName = Debug;
		};
/* End XCConfigurationList section */

/* Begin XCRemoteSwiftPackageReference section */
		4EC5C0A1098F279860C43677 /* XCRemoteSwiftPackageReference "supabase-swift" */ = {
			isa = XCRemoteSwiftPackageReference;
			repositoryURL = "https://github.com/supabase/supabase-swift";
			requirement = {
				kind = upToNextMajorVersion;
				minimumVersion = 2.0.0;
			};
		};
		D642284A5A791C683296D75C /* XCRemoteSwiftPackageReference "sentry-cocoa" */ = {
			isa = XCRemoteSwiftPackageReference;
			repositoryURL = "https://github.com/getsentry/sentry-cocoa";
			requirement = {
				kind = upToNextMajorVersion;
				minimumVersion = 8.0.0;
			};
		};
/* End XCRemoteSwiftPackageReference section */

/* Begin XCSwiftPackageProductDependency section */
		1E518AB2432F83AD56457390 /* Supabase */ = {
			isa = XCSwiftPackageProductDependency;
			package = 4EC5C0A1098F279860C43677 /* XCRemoteSwiftPackageReference "supabase-swift" */;
			productName = Supabase;
		};
		C44E2F5116E562586503D69B /* Sentry */ = {
			isa = XCSwiftPackageProductDependency;
			package = D642284A5A791C683296D75C /* XCRemoteSwiftPackageReference "sentry-cocoa" */;
			productName = Sentry;
		};
/* End XCSwiftPackageProductDependency section */
	};
	rootObject = 213AAD3754CFA7AFCF711ED0 /* Project object */;
}
